// !$*UTF8*$!
{
	archiveVersion = 1;
	classes = {
	};
	objectVersion = 51;
	objects = {

/* Begin PBXBuildFile section */
		C12B5961EB29F23CEFCE50B5 /* Pods_SwiftAppStore.framework in Frameworks */ = {isa = PBXBuildFile; fileRef = F554692A0AB1DA97A91049CA /* Pods_SwiftAppStore.framework */; };
		D5018C3F22F5321100724A0F /* discountModel.swift in Sources */ = {isa = PBXBuildFile; fileRef = D5018C3E22F5321100724A0F /* discountModel.swift */; };
		D5018C4322F569D100724A0F /* AddressViewController.swift in Sources */ = {isa = PBXBuildFile; fileRef = D5018C4122F569D100724A0F /* AddressViewController.swift */; };
		D5018C4422F569D100724A0F /* AddressViewController.xib in Resources */ = {isa = PBXBuildFile; fileRef = D5018C4222F569D100724A0F /* AddressViewController.xib */; };
		D5018C4622F5771700724A0F /* AddressModel.swift in Sources */ = {isa = PBXBuildFile; fileRef = D5018C4522F5771700724A0F /* AddressModel.swift */; };
		D5018C4922F58BC800724A0F /* AddressDetailViewController.swift in Sources */ = {isa = PBXBuildFile; fileRef = D5018C4722F58BC800724A0F /* AddressDetailViewController.swift */; };
		D5018C4A22F58BC800724A0F /* AddressDetailViewController.xib in Resources */ = {isa = PBXBuildFile; fileRef = D5018C4822F58BC800724A0F /* AddressDetailViewController.xib */; };
		D5392E6922E84475004AAD9D /* ErrorModel.swift in Sources */ = {isa = PBXBuildFile; fileRef = D5392E6822E84475004AAD9D /* ErrorModel.swift */; };
		D5392E6E22E8572A004AAD9D /* MCNavegationController.swift in Sources */ = {isa = PBXBuildFile; fileRef = D5392E6B22E85729004AAD9D /* MCNavegationController.swift */; };
		D5392E6F22E8572A004AAD9D /* MCRootViewController.swift in Sources */ = {isa = PBXBuildFile; fileRef = D5392E6C22E85729004AAD9D /* MCRootViewController.swift */; };
		D5392E7022E8572A004AAD9D /* MCTabbarController.swift in Sources */ = {isa = PBXBuildFile; fileRef = D5392E6D22E85729004AAD9D /* MCTabbarController.swift */; };
		D5392E7D22E85743004AAD9D /* UITextField+Tel.swift in Sources */ = {isa = PBXBuildFile; fileRef = D5392E7322E85743004AAD9D /* UITextField+Tel.swift */; };
		D5392E7E22E85743004AAD9D /* UIViewLayout.swift in Sources */ = {isa = PBXBuildFile; fileRef = D5392E7422E85743004AAD9D /* UIViewLayout.swift */; };
		D5392E7F22E85743004AAD9D /* UIViewControllerExt.swift in Sources */ = {isa = PBXBuildFile; fileRef = D5392E7522E85743004AAD9D /* UIViewControllerExt.swift */; };
		D5392E8022E85743004AAD9D /* TableView+ExtenSion.swift in Sources */ = {isa = PBXBuildFile; fileRef = D5392E7622E85743004AAD9D /* TableView+ExtenSion.swift */; };
		D5392E8122E85743004AAD9D /* String+ExtenSion.swift in Sources */ = {isa = PBXBuildFile; fileRef = D5392E7722E85743004AAD9D /* String+ExtenSion.swift */; };
		D5392E8222E85743004AAD9D /* NSStringExt.swift in Sources */ = {isa = PBXBuildFile; fileRef = D5392E7822E85743004AAD9D /* NSStringExt.swift */; };
		D5392E8322E85743004AAD9D /* UIBarButtonExtension.swift in Sources */ = {isa = PBXBuildFile; fileRef = D5392E7922E85743004AAD9D /* UIBarButtonExtension.swift */; };
		D5392E8422E85743004AAD9D /* MCColorEXT.swift in Sources */ = {isa = PBXBuildFile; fileRef = D5392E7A22E85743004AAD9D /* MCColorEXT.swift */; };
		D5392E8522E85743004AAD9D /* UILable+Extension.swift in Sources */ = {isa = PBXBuildFile; fileRef = D5392E7B22E85743004AAD9D /* UILable+Extension.swift */; };
		D53DD1A622EAAB8B00CFF8DB /* HomeCollectionViewCell.swift in Sources */ = {isa = PBXBuildFile; fileRef = D53DD1A422EAAB8B00CFF8DB /* HomeCollectionViewCell.swift */; };
		D53DD1A722EAAB8B00CFF8DB /* HomeCollectionViewCell.xib in Resources */ = {isa = PBXBuildFile; fileRef = D53DD1A522EAAB8B00CFF8DB /* HomeCollectionViewCell.xib */; };
		D53DD1A922EAC98700CFF8DB /* UIImageViewExt.swift in Sources */ = {isa = PBXBuildFile; fileRef = D53DD1A822EAC98700CFF8DB /* UIImageViewExt.swift */; };
		D548084622F2DBC500379833 /* PurchaseView.swift in Sources */ = {isa = PBXBuildFile; fileRef = D548084522F2DBC500379833 /* PurchaseView.swift */; };
		D551C7C222FD12990085251D /* SearchViewController.m in Sources */ = {isa = PBXBuildFile; fileRef = D551C7C022FD12990085251D /* SearchViewController.m */; };
		D551C7C322FD12990085251D /* SearchViewController.xib in Resources */ = {isa = PBXBuildFile; fileRef = D551C7C122FD12990085251D /* SearchViewController.xib */; };
		D551C7D522FD16FF0085251D /* ic_close_grey2.png in Resources */ = {isa = PBXBuildFile; fileRef = D551C7C622FD16FF0085251D /* ic_close_grey2.png */; };
		D551C7D622FD16FF0085251D /* 搜索-拷贝@3x.png in Resources */ = {isa = PBXBuildFile; fileRef = D551C7C722FD16FF0085251D /* 搜索-拷贝@3x.png */; };
		D551C7D722FD16FF0085251D /* 搜索-拷贝@2x.png in Resources */ = {isa = PBXBuildFile; fileRef = D551C7C822FD16FF0085251D /* 搜索-拷贝@2x.png */; };
		D551C7D822FD16FF0085251D /* UIViewExt.m in Sources */ = {isa = PBXBuildFile; fileRef = D551C7CA22FD16FF0085251D /* UIViewExt.m */; };
		D551C7D922FD16FF0085251D /* DWQSearchBar.m in Sources */ = {isa = PBXBuildFile; fileRef = D551C7CB22FD16FF0085251D /* DWQSearchBar.m */; };
		D551C7DA22FD16FF0085251D /* DWQTagView.m in Sources */ = {isa = PBXBuildFile; fileRef = D551C7CF22FD16FF0085251D /* DWQTagView.m */; };
		D551C7DB22FD16FF0085251D /* HistorySearchCell.xib in Resources */ = {isa = PBXBuildFile; fileRef = D551C7D122FD16FF0085251D /* HistorySearchCell.xib */; };
		D551C7DC22FD16FF0085251D /* HistorySearchCell.m in Sources */ = {isa = PBXBuildFile; fileRef = D551C7D222FD16FF0085251D /* HistorySearchCell.m */; };
		D551C7DD22FD16FF0085251D /* HotSerachCell.m in Sources */ = {isa = PBXBuildFile; fileRef = D551C7D422FD16FF0085251D /* HotSerachCell.m */; };
		D551C7E022FD17100085251D /* DWQSearchController.m in Sources */ = {isa = PBXBuildFile; fileRef = D551C7DF22FD17100085251D /* DWQSearchController.m */; };
		D551C7E922FD4E900085251D /* WkViewController.swift in Sources */ = {isa = PBXBuildFile; fileRef = D551C7E722FD4E900085251D /* WkViewController.swift */; };
		D551C7EA22FD4E900085251D /* WkViewController.xib in Resources */ = {isa = PBXBuildFile; fileRef = D551C7E822FD4E900085251D /* WkViewController.xib */; };
		D569390A22F7DDD1004227A9 /* MCFileManager.swift in Sources */ = {isa = PBXBuildFile; fileRef = D569390922F7DDD1004227A9 /* MCFileManager.swift */; };
		D578FFD023023E6F007F062D /* area.plist in Resources */ = {isa = PBXBuildFile; fileRef = D578FFCA23023E6F007F062D /* area.plist */; };
		D578FFD123023E6F007F062D /* EWAddressModel.swift in Sources */ = {isa = PBXBuildFile; fileRef = D578FFCB23023E6F007F062D /* EWAddressModel.swift */; };
		D578FFD223023E6F007F062D /* EWAddressPickViewTableViewCell.swift in Sources */ = {isa = PBXBuildFile; fileRef = D578FFCC23023E6F007F062D /* EWAddressPickViewTableViewCell.swift */; };
		D578FFD323023E6F007F062D /* EWAddressPickView.swift in Sources */ = {isa = PBXBuildFile; fileRef = D578FFCD23023E6F007F062D /* EWAddressPickView.swift */; };
		D578FFD423023E6F007F062D /* EWAddressViewController.swift in Sources */ = {isa = PBXBuildFile; fileRef = D578FFCE23023E6F007F062D /* EWAddressViewController.swift */; };
		D578FFD523023E6F007F062D /* EWAddressPresentAnimated.swift in Sources */ = {isa = PBXBuildFile; fileRef = D578FFCF23023E6F007F062D /* EWAddressPresentAnimated.swift */; };
		D57B2A6022E6F8E9001B0EFF /* RONetCenter.swift in Sources */ = {isa = PBXBuildFile; fileRef = D57B2A5F22E6F8E9001B0EFF /* RONetCenter.swift */; };
		D57B2A6222E701BC001B0EFF /* HomeModel.swift in Sources */ = {isa = PBXBuildFile; fileRef = D57B2A6122E701BC001B0EFF /* HomeModel.swift */; };
		D57B2A6522E805C9001B0EFF /* Product.swift in Sources */ = {isa = PBXBuildFile; fileRef = D57B2A6422E805C9001B0EFF /* Product.swift */; };
		D59BA9ED22E592D5007D1434 /* AppDelegate.swift in Sources */ = {isa = PBXBuildFile; fileRef = D59BA9EC22E592D5007D1434 /* AppDelegate.swift */; };
		D59BA9EF22E592D5007D1434 /* ViewController.swift in Sources */ = {isa = PBXBuildFile; fileRef = D59BA9EE22E592D5007D1434 /* ViewController.swift */; };
		D59BA9F422E592D7007D1434 /* Assets.xcassets in Resources */ = {isa = PBXBuildFile; fileRef = D59BA9F322E592D7007D1434 /* Assets.xcassets */; };
		D59BA9F722E592D7007D1434 /* LaunchScreen.storyboard in Resources */ = {isa = PBXBuildFile; fileRef = D59BA9F522E592D7007D1434 /* LaunchScreen.storyboard */; };
		D59BAA0222E592D7007D1434 /* SwiftAppStoreTests.swift in Sources */ = {isa = PBXBuildFile; fileRef = D59BAA0122E592D7007D1434 /* SwiftAppStoreTests.swift */; };
		D59BAA0D22E592D7007D1434 /* SwiftAppStoreUITests.swift in Sources */ = {isa = PBXBuildFile; fileRef = D59BAA0C22E592D7007D1434 /* SwiftAppStoreUITests.swift */; };
		D59C563922E93FFB00C8D8BF /* HomeVCViewController.swift in Sources */ = {isa = PBXBuildFile; fileRef = D59C563722E93FFB00C8D8BF /* HomeVCViewController.swift */; };
		D59C563A22E93FFB00C8D8BF /* HomeVCViewController.xib in Resources */ = {isa = PBXBuildFile; fileRef = D59C563822E93FFB00C8D8BF /* HomeVCViewController.xib */; };
		D5AD1EA922E59C2C0060256D /* RONetTool.swift in Sources */ = {isa = PBXBuildFile; fileRef = D5AD1EA822E59C2C0060256D /* RONetTool.swift */; };
		D5AF8BD522F81208003D021F /* CouponsViewController.swift in Sources */ = {isa = PBXBuildFile; fileRef = D5AF8BD322F81208003D021F /* CouponsViewController.swift */; };
		D5AF8BD622F81208003D021F /* CouponsViewController.xib in Resources */ = {isa = PBXBuildFile; fileRef = D5AF8BD422F81208003D021F /* CouponsViewController.xib */; };
		D5AF8BD822F816DA003D021F /* Coupous.swift in Sources */ = {isa = PBXBuildFile; fileRef = D5AF8BD722F816DA003D021F /* Coupous.swift */; };
		D5AF8BDC22F81FE2003D021F /* CouponsCell.swift in Sources */ = {isa = PBXBuildFile; fileRef = D5AF8BDA22F81FE2003D021F /* CouponsCell.swift */; };
		D5AF8BDD22F81FE2003D021F /* CouponsCell.xib in Resources */ = {isa = PBXBuildFile; fileRef = D5AF8BDB22F81FE2003D021F /* CouponsCell.xib */; };
		D5B6DE7722FA6B7F00BA0201 /* CarGood.swift in Sources */ = {isa = PBXBuildFile; fileRef = D5B6DE7622FA6B7F00BA0201 /* CarGood.swift */; };
		D5B6DE7B22FA7A9900BA0201 /* MyTableViewCell.swift in Sources */ = {isa = PBXBuildFile; fileRef = D5B6DE7922FA7A9900BA0201 /* MyTableViewCell.swift */; };
		D5B6DE7C22FA7A9900BA0201 /* MyTableViewCell.xib in Resources */ = {isa = PBXBuildFile; fileRef = D5B6DE7A22FA7A9900BA0201 /* MyTableViewCell.xib */; };
		D5B6DE7F22FAA75800BA0201 /* AboutUsViewController.swift in Sources */ = {isa = PBXBuildFile; fileRef = D5B6DE7D22FAA75800BA0201 /* AboutUsViewController.swift */; };
		D5B6DE8022FAA75800BA0201 /* AboutUsViewController.xib in Resources */ = {isa = PBXBuildFile; fileRef = D5B6DE7E22FAA75800BA0201 /* AboutUsViewController.xib */; };
		D5B6DE8322FAAA4D00BA0201 /* MesssageViewController.swift in Sources */ = {isa = PBXBuildFile; fileRef = D5B6DE8122FAAA4D00BA0201 /* MesssageViewController.swift */; };
		D5B6DE8422FAAA4D00BA0201 /* MesssageViewController.xib in Resources */ = {isa = PBXBuildFile; fileRef = D5B6DE8222FAAA4D00BA0201 /* MesssageViewController.xib */; };
		D5B6DE8722FABAEB00BA0201 /* CollectViewController.swift in Sources */ = {isa = PBXBuildFile; fileRef = D5B6DE8522FABAEB00BA0201 /* CollectViewController.swift */; };
		D5B6DE8822FABAEB00BA0201 /* CollectViewController.xib in Resources */ = {isa = PBXBuildFile; fileRef = D5B6DE8622FABAEB00BA0201 /* CollectViewController.xib */; };
		D5B6DE8B22FABEE000BA0201 /* SyystemViewController.swift in Sources */ = {isa = PBXBuildFile; fileRef = D5B6DE8922FABEE000BA0201 /* SyystemViewController.swift */; };
		D5B6DE8C22FABEE000BA0201 /* SyystemViewController.xib in Resources */ = {isa = PBXBuildFile; fileRef = D5B6DE8A22FABEE000BA0201 /* SyystemViewController.xib */; };
		D5B6DE8F22FBB05D00BA0201 /* SuggestionViewController.swift in Sources */ = {isa = PBXBuildFile; fileRef = D5B6DE8D22FBB05D00BA0201 /* SuggestionViewController.swift */; };
		D5B6DE9022FBB05D00BA0201 /* SuggestionViewController.xib in Resources */ = {isa = PBXBuildFile; fileRef = D5B6DE8E22FBB05D00BA0201 /* SuggestionViewController.xib */; };
		D5B6DE9322FBEC5400BA0201 /* OrderListViewController.swift in Sources */ = {isa = PBXBuildFile; fileRef = D5B6DE9122FBEC5400BA0201 /* OrderListViewController.swift */; };
		D5B6DE9422FBEC5400BA0201 /* OrderListViewController.xib in Resources */ = {isa = PBXBuildFile; fileRef = D5B6DE9222FBEC5400BA0201 /* OrderListViewController.xib */; };
		D5B6DE9722FBF00500BA0201 /* OrderListTableViewCell.swift in Sources */ = {isa = PBXBuildFile; fileRef = D5B6DE9522FBF00500BA0201 /* OrderListTableViewCell.swift */; };
		D5B6DE9822FBF00500BA0201 /* OrderListTableViewCell.xib in Resources */ = {isa = PBXBuildFile; fileRef = D5B6DE9622FBF00500BA0201 /* OrderListTableViewCell.xib */; };
		D5B6DE9A22FBF2F600BA0201 /* OrderDetailModel.swift in Sources */ = {isa = PBXBuildFile; fileRef = D5B6DE9922FBF2F600BA0201 /* OrderDetailModel.swift */; };
		D5B6DE9C22FBF3CA00BA0201 /* OrderSigle.swift in Sources */ = {isa = PBXBuildFile; fileRef = D5B6DE9B22FBF3CA00BA0201 /* OrderSigle.swift */; };
		D5C7133022EE8BE20005F352 /* CateViewController.swift in Sources */ = {isa = PBXBuildFile; fileRef = D5C7132E22EE8BE20005F352 /* CateViewController.swift */; };
		D5C7133122EE8BE20005F352 /* CateViewController.xib in Resources */ = {isa = PBXBuildFile; fileRef = D5C7132F22EE8BE20005F352 /* CateViewController.xib */; };
		D5C7133322EE91B50005F352 /* CateModel.swift in Sources */ = {isa = PBXBuildFile; fileRef = D5C7133222EE91B50005F352 /* CateModel.swift */; };
		D5C7133522EE96ED0005F352 /* CateChildModel.swift in Sources */ = {isa = PBXBuildFile; fileRef = D5C7133422EE96ED0005F352 /* CateChildModel.swift */; };
		D5C7133922EE98560005F352 /* CateLeftTableViewCell.swift in Sources */ = {isa = PBXBuildFile; fileRef = D5C7133722EE98560005F352 /* CateLeftTableViewCell.swift */; };
		D5C7133A22EE98560005F352 /* CateLeftTableViewCell.xib in Resources */ = {isa = PBXBuildFile; fileRef = D5C7133822EE98560005F352 /* CateLeftTableViewCell.xib */; };
		D5C7133D22EE99790005F352 /* CateRightTableCell.swift in Sources */ = {isa = PBXBuildFile; fileRef = D5C7133B22EE99790005F352 /* CateRightTableCell.swift */; };
		D5C7133E22EE99790005F352 /* CateRightTableCell.xib in Resources */ = {isa = PBXBuildFile; fileRef = D5C7133C22EE99790005F352 /* CateRightTableCell.xib */; };
		D5C7134222F026230005F352 /* CateSecondLevelViewController.swift in Sources */ = {isa = PBXBuildFile; fileRef = D5C7134022F026230005F352 /* CateSecondLevelViewController.swift */; };
		D5C7134322F026230005F352 /* CateSecondLevelViewController.xib in Resources */ = {isa = PBXBuildFile; fileRef = D5C7134122F026230005F352 /* CateSecondLevelViewController.xib */; };
		D5C7134722F0274D0005F352 /* CateSecondLVCell.swift in Sources */ = {isa = PBXBuildFile; fileRef = D5C7134522F0274D0005F352 /* CateSecondLVCell.swift */; };
		D5C7134822F0274D0005F352 /* CateSecondLVCell.xib in Resources */ = {isa = PBXBuildFile; fileRef = D5C7134622F0274D0005F352 /* CateSecondLVCell.xib */; };
		D5C7134A22F035DF0005F352 /* CateDetailListModel.swift in Sources */ = {isa = PBXBuildFile; fileRef = D5C7134922F035DF0005F352 /* CateDetailListModel.swift */; };
		D5C7134E22F15F290005F352 /* ProductViewController.swift in Sources */ = {isa = PBXBuildFile; fileRef = D5C7134C22F15F290005F352 /* ProductViewController.swift */; };
		D5C7134F22F15F290005F352 /* ProductViewController.xib in Resources */ = {isa = PBXBuildFile; fileRef = D5C7134D22F15F290005F352 /* ProductViewController.xib */; };
		D5C7135122F161950005F352 /* ProductDetail.swift in Sources */ = {isa = PBXBuildFile; fileRef = D5C7135022F161950005F352 /* ProductDetail.swift */; };
		D5C97ADD22F9100800C7ED59 /* CoupousSelectViewController.swift in Sources */ = {isa = PBXBuildFile; fileRef = D5C97ADB22F9100800C7ED59 /* CoupousSelectViewController.swift */; };
		D5C97ADE22F9100800C7ED59 /* CoupousSelectViewController.xib in Resources */ = {isa = PBXBuildFile; fileRef = D5C97ADC22F9100800C7ED59 /* CoupousSelectViewController.xib */; };
		D5C97AE222F92ED500C7ED59 /* LoginViewController.swift in Sources */ = {isa = PBXBuildFile; fileRef = D5C97AE022F92ED500C7ED59 /* LoginViewController.swift */; };
		D5C97AE322F92ED500C7ED59 /* LoginViewController.xib in Resources */ = {isa = PBXBuildFile; fileRef = D5C97AE122F92ED500C7ED59 /* LoginViewController.xib */; };
		D5C97AE622F9488F00C7ED59 /* RegistViewController.swift in Sources */ = {isa = PBXBuildFile; fileRef = D5C97AE422F9488F00C7ED59 /* RegistViewController.swift */; };
		D5C97AE722F9488F00C7ED59 /* RegistViewController.xib in Resources */ = {isa = PBXBuildFile; fileRef = D5C97AE522F9488F00C7ED59 /* RegistViewController.xib */; };
		D5C97AE922F94DEC00C7ED59 /* User.swift in Sources */ = {isa = PBXBuildFile; fileRef = D5C97AE822F94DEC00C7ED59 /* User.swift */; };
		D5C97AEB22F94F5000C7ED59 /* AdminTool.swift in Sources */ = {isa = PBXBuildFile; fileRef = D5C97AEA22F94F5000C7ED59 /* AdminTool.swift */; };
		D5DBCF0E22F4284F00C30150 /* HudTool.swift in Sources */ = {isa = PBXBuildFile; fileRef = D5DBCF0D22F4284F00C30150 /* HudTool.swift */; };
		D5DBCF1222F42FB800C30150 /* OrderViewController.swift in Sources */ = {isa = PBXBuildFile; fileRef = D5DBCF1022F42FB800C30150 /* OrderViewController.swift */; };
		D5DBCF1322F42FB800C30150 /* OrderViewController.xib in Resources */ = {isa = PBXBuildFile; fileRef = D5DBCF1122F42FB800C30150 /* OrderViewController.xib */; };
		D5DBCF1722F4317600C30150 /* OrderSigleCell.swift in Sources */ = {isa = PBXBuildFile; fileRef = D5DBCF1522F4317600C30150 /* OrderSigleCell.swift */; };
		D5DBCF1822F4317600C30150 /* OrderSigleCell.xib in Resources */ = {isa = PBXBuildFile; fileRef = D5DBCF1622F4317600C30150 /* OrderSigleCell.xib */; };
		D5DBCF1B22F431A000C30150 /* orderDiscountCel.swift in Sources */ = {isa = PBXBuildFile; fileRef = D5DBCF1922F431A000C30150 /* orderDiscountCel.swift */; };
		D5DBCF1C22F431A000C30150 /* orderDiscountCel.xib in Resources */ = {isa = PBXBuildFile; fileRef = D5DBCF1A22F431A000C30150 /* orderDiscountCel.xib */; };
		D5DBCF1F22F431BC00C30150 /* OrderAdressCell.swift in Sources */ = {isa = PBXBuildFile; fileRef = D5DBCF1D22F431BC00C30150 /* OrderAdressCell.swift */; };
		D5DBCF2022F431BC00C30150 /* OrderAdressCell.xib in Resources */ = {isa = PBXBuildFile; fileRef = D5DBCF1E22F431BC00C30150 /* OrderAdressCell.xib */; };
		D5F54A8522E9428400A7EB61 /* CarViewController.swift in Sources */ = {isa = PBXBuildFile; fileRef = D5F54A8322E9428400A7EB61 /* CarViewController.swift */; };
		D5F54A8622E9428400A7EB61 /* CarViewController.xib in Resources */ = {isa = PBXBuildFile; fileRef = D5F54A8422E9428400A7EB61 /* CarViewController.xib */; };
		D5F54A8922E9429300A7EB61 /* MyViewController.swift in Sources */ = {isa = PBXBuildFile; fileRef = D5F54A8722E9429300A7EB61 /* MyViewController.swift */; };
		D5F54A8A22E9429300A7EB61 /* MyViewController.xib in Resources */ = {isa = PBXBuildFile; fileRef = D5F54A8822E9429300A7EB61 /* MyViewController.xib */; };
/* End PBXBuildFile section */

/* Begin PBXContainerItemProxy section */
		D59BA9FE22E592D7007D1434 /* PBXContainerItemProxy */ = {
			isa = PBXContainerItemProxy;
			containerPortal = D59BA9E122E592D5007D1434 /* Project object */;
			proxyType = 1;
			remoteGlobalIDString = D59BA9E822E592D5007D1434;
			remoteInfo = SwiftAppStore;
		};
		D59BAA0922E592D7007D1434 /* PBXContainerItemProxy */ = {
			isa = PBXContainerItemProxy;
			containerPortal = D59BA9E122E592D5007D1434 /* Project object */;
			proxyType = 1;
			remoteGlobalIDString = D59BA9E822E592D5007D1434;
			remoteInfo = SwiftAppStore;
		};
/* End PBXContainerItemProxy section */

/* Begin PBXFileReference section */
		8AC0DDAE9AA2BD6E217508FB /* Pods-SwiftAppStore.debug.xcconfig */ = {isa = PBXFileReference; includeInIndex = 1; lastKnownFileType = text.xcconfig; name = "Pods-SwiftAppStore.debug.xcconfig"; path = "Pods/Target Support Files/Pods-SwiftAppStore/Pods-SwiftAppStore.debug.xcconfig"; sourceTree = "<group>"; };
		D5018C3E22F5321100724A0F /* discountModel.swift */ = {isa = PBXFileReference; lastKnownFileType = sourcecode.swift; path = discountModel.swift; sourceTree = "<group>"; };
		D5018C4122F569D100724A0F /* AddressViewController.swift */ = {isa = PBXFileReference; lastKnownFileType = sourcecode.swift; path = AddressViewController.swift; sourceTree = "<group>"; };
		D5018C4222F569D100724A0F /* AddressViewController.xib */ = {isa = PBXFileReference; lastKnownFileType = file.xib; path = AddressViewController.xib; sourceTree = "<group>"; };
		D5018C4522F5771700724A0F /* AddressModel.swift */ = {isa = PBXFileReference; lastKnownFileType = sourcecode.swift; path = AddressModel.swift; sourceTree = "<group>"; };
		D5018C4722F58BC800724A0F /* AddressDetailViewController.swift */ = {isa = PBXFileReference; lastKnownFileType = sourcecode.swift; path = AddressDetailViewController.swift; sourceTree = "<group>"; };
		D5018C4822F58BC800724A0F /* AddressDetailViewController.xib */ = {isa = PBXFileReference; lastKnownFileType = file.xib; path = AddressDetailViewController.xib; sourceTree = "<group>"; };
		D5392E6822E84475004AAD9D /* ErrorModel.swift */ = {isa = PBXFileReference; lastKnownFileType = sourcecode.swift; path = ErrorModel.swift; sourceTree = "<group>"; };
		D5392E6B22E85729004AAD9D /* MCNavegationController.swift */ = {isa = PBXFileReference; fileEncoding = 4; lastKnownFileType = sourcecode.swift; path = MCNavegationController.swift; sourceTree = "<group>"; };
		D5392E6C22E85729004AAD9D /* MCRootViewController.swift */ = {isa = PBXFileReference; fileEncoding = 4; lastKnownFileType = sourcecode.swift; path = MCRootViewController.swift; sourceTree = "<group>"; };
		D5392E6D22E85729004AAD9D /* MCTabbarController.swift */ = {isa = PBXFileReference; fileEncoding = 4; lastKnownFileType = sourcecode.swift; path = MCTabbarController.swift; sourceTree = "<group>"; };
		D5392E7322E85743004AAD9D /* UITextField+Tel.swift */ = {isa = PBXFileReference; fileEncoding = 4; lastKnownFileType = sourcecode.swift; path = "UITextField+Tel.swift"; sourceTree = "<group>"; };
		D5392E7422E85743004AAD9D /* UIViewLayout.swift */ = {isa = PBXFileReference; fileEncoding = 4; lastKnownFileType = sourcecode.swift; path = UIViewLayout.swift; sourceTree = "<group>"; };
		D5392E7522E85743004AAD9D /* UIViewControllerExt.swift */ = {isa = PBXFileReference; fileEncoding = 4; lastKnownFileType = sourcecode.swift; path = UIViewControllerExt.swift; sourceTree = "<group>"; };
		D5392E7622E85743004AAD9D /* TableView+ExtenSion.swift */ = {isa = PBXFileReference; fileEncoding = 4; lastKnownFileType = sourcecode.swift; path = "TableView+ExtenSion.swift"; sourceTree = "<group>"; };
		D5392E7722E85743004AAD9D /* String+ExtenSion.swift */ = {isa = PBXFileReference; fileEncoding = 4; lastKnownFileType = sourcecode.swift; path = "String+ExtenSion.swift"; sourceTree = "<group>"; };
		D5392E7822E85743004AAD9D /* NSStringExt.swift */ = {isa = PBXFileReference; fileEncoding = 4; lastKnownFileType = sourcecode.swift; path = NSStringExt.swift; sourceTree = "<group>"; };
		D5392E7922E85743004AAD9D /* UIBarButtonExtension.swift */ = {isa = PBXFileReference; fileEncoding = 4; lastKnownFileType = sourcecode.swift; path = UIBarButtonExtension.swift; sourceTree = "<group>"; };
		D5392E7A22E85743004AAD9D /* MCColorEXT.swift */ = {isa = PBXFileReference; fileEncoding = 4; lastKnownFileType = sourcecode.swift; path = MCColorEXT.swift; sourceTree = "<group>"; };
		D5392E7B22E85743004AAD9D /* UILable+Extension.swift */ = {isa = PBXFileReference; fileEncoding = 4; lastKnownFileType = sourcecode.swift; path = "UILable+Extension.swift"; sourceTree = "<group>"; };
		D53DD1A422EAAB8B00CFF8DB /* HomeCollectionViewCell.swift */ = {isa = PBXFileReference; lastKnownFileType = sourcecode.swift; path = HomeCollectionViewCell.swift; sourceTree = "<group>"; };
		D53DD1A522EAAB8B00CFF8DB /* HomeCollectionViewCell.xib */ = {isa = PBXFileReference; lastKnownFileType = file.xib; path = HomeCollectionViewCell.xib; sourceTree = "<group>"; };
		D53DD1A822EAC98700CFF8DB /* UIImageViewExt.swift */ = {isa = PBXFileReference; lastKnownFileType = sourcecode.swift; path = UIImageViewExt.swift; sourceTree = "<group>"; };
		D548084522F2DBC500379833 /* PurchaseView.swift */ = {isa = PBXFileReference; lastKnownFileType = sourcecode.swift; path = PurchaseView.swift; sourceTree = "<group>"; };
		D551C7BE22FD12990085251D /* SwiftAppStore-Bridging-Header.h */ = {isa = PBXFileReference; lastKnownFileType = sourcecode.c.h; path = "SwiftAppStore-Bridging-Header.h"; sourceTree = "<group>"; };
		D551C7BF22FD12990085251D /* SearchViewController.h */ = {isa = PBXFileReference; lastKnownFileType = sourcecode.c.h; path = SearchViewController.h; sourceTree = "<group>"; };
		D551C7C022FD12990085251D /* SearchViewController.m */ = {isa = PBXFileReference; lastKnownFileType = sourcecode.c.objc; path = SearchViewController.m; sourceTree = "<group>"; };
		D551C7C122FD12990085251D /* SearchViewController.xib */ = {isa = PBXFileReference; lastKnownFileType = file.xib; path = SearchViewController.xib; sourceTree = "<group>"; };
		D551C7C622FD16FF0085251D /* ic_close_grey2.png */ = {isa = PBXFileReference; lastKnownFileType = image.png; path = ic_close_grey2.png; sourceTree = "<group>"; };
		D551C7C722FD16FF0085251D /* 搜索-拷贝@3x.png */ = {isa = PBXFileReference; lastKnownFileType = image.png; path = "搜索-拷贝@3x.png"; sourceTree = "<group>"; };
		D551C7C822FD16FF0085251D /* 搜索-拷贝@2x.png */ = {isa = PBXFileReference; lastKnownFileType = image.png; path = "搜索-拷贝@2x.png"; sourceTree = "<group>"; };
		D551C7C922FD16FF0085251D /* DWQSearchBar.h */ = {isa = PBXFileReference; fileEncoding = 4; lastKnownFileType = sourcecode.c.h; path = DWQSearchBar.h; sourceTree = "<group>"; };
		D551C7CA22FD16FF0085251D /* UIViewExt.m */ = {isa = PBXFileReference; fileEncoding = 4; lastKnownFileType = sourcecode.c.objc; path = UIViewExt.m; sourceTree = "<group>"; };
		D551C7CB22FD16FF0085251D /* DWQSearchBar.m */ = {isa = PBXFileReference; fileEncoding = 4; lastKnownFileType = sourcecode.c.objc; path = DWQSearchBar.m; sourceTree = "<group>"; };
		D551C7CC22FD16FF0085251D /* UIViewExt.h */ = {isa = PBXFileReference; fileEncoding = 4; lastKnownFileType = sourcecode.c.h; path = UIViewExt.h; sourceTree = "<group>"; };
		D551C7CE22FD16FF0085251D /* HistorySearchCell.h */ = {isa = PBXFileReference; fileEncoding = 4; lastKnownFileType = sourcecode.c.h; path = HistorySearchCell.h; sourceTree = "<group>"; };
		D551C7CF22FD16FF0085251D /* DWQTagView.m */ = {isa = PBXFileReference; fileEncoding = 4; lastKnownFileType = sourcecode.c.objc; path = DWQTagView.m; sourceTree = "<group>"; };
		D551C7D022FD16FF0085251D /* HotSerachCell.h */ = {isa = PBXFileReference; fileEncoding = 4; lastKnownFileType = sourcecode.c.h; path = HotSerachCell.h; sourceTree = "<group>"; };
		D551C7D122FD16FF0085251D /* HistorySearchCell.xib */ = {isa = PBXFileReference; fileEncoding = 4; lastKnownFileType = file.xib; path = HistorySearchCell.xib; sourceTree = "<group>"; };
		D551C7D222FD16FF0085251D /* HistorySearchCell.m */ = {isa = PBXFileReference; fileEncoding = 4; lastKnownFileType = sourcecode.c.objc; path = HistorySearchCell.m; sourceTree = "<group>"; };
		D551C7D322FD16FF0085251D /* DWQTagView.h */ = {isa = PBXFileReference; fileEncoding = 4; lastKnownFileType = sourcecode.c.h; path = DWQTagView.h; sourceTree = "<group>"; };
		D551C7D422FD16FF0085251D /* HotSerachCell.m */ = {isa = PBXFileReference; fileEncoding = 4; lastKnownFileType = sourcecode.c.objc; path = HotSerachCell.m; sourceTree = "<group>"; };
		D551C7DE22FD17100085251D /* DWQSearchController.h */ = {isa = PBXFileReference; fileEncoding = 4; lastKnownFileType = sourcecode.c.h; path = DWQSearchController.h; sourceTree = "<group>"; };
		D551C7DF22FD17100085251D /* DWQSearchController.m */ = {isa = PBXFileReference; fileEncoding = 4; lastKnownFileType = sourcecode.c.objc; path = DWQSearchController.m; sourceTree = "<group>"; };
		D551C7E722FD4E900085251D /* WkViewController.swift */ = {isa = PBXFileReference; lastKnownFileType = sourcecode.swift; path = WkViewController.swift; sourceTree = "<group>"; };
		D551C7E822FD4E900085251D /* WkViewController.xib */ = {isa = PBXFileReference; lastKnownFileType = file.xib; path = WkViewController.xib; sourceTree = "<group>"; };
		D569390922F7DDD1004227A9 /* MCFileManager.swift */ = {isa = PBXFileReference; lastKnownFileType = sourcecode.swift; path = MCFileManager.swift; sourceTree = "<group>"; };
		D578FFCA23023E6F007F062D /* area.plist */ = {isa = PBXFileReference; fileEncoding = 4; lastKnownFileType = text.plist.xml; path = area.plist; sourceTree = "<group>"; };
		D578FFCB23023E6F007F062D /* EWAddressModel.swift */ = {isa = PBXFileReference; fileEncoding = 4; lastKnownFileType = sourcecode.swift; path = EWAddressModel.swift; sourceTree = "<group>"; };
		D578FFCC23023E6F007F062D /* EWAddressPickViewTableViewCell.swift */ = {isa = PBXFileReference; fileEncoding = 4; lastKnownFileType = sourcecode.swift; path = EWAddressPickViewTableViewCell.swift; sourceTree = "<group>"; };
		D578FFCD23023E6F007F062D /* EWAddressPickView.swift */ = {isa = PBXFileReference; fileEncoding = 4; lastKnownFileType = sourcecode.swift; path = EWAddressPickView.swift; sourceTree = "<group>"; };
		D578FFCE23023E6F007F062D /* EWAddressViewController.swift */ = {isa = PBXFileReference; fileEncoding = 4; lastKnownFileType = sourcecode.swift; path = EWAddressViewController.swift; sourceTree = "<group>"; };
		D578FFCF23023E6F007F062D /* EWAddressPresentAnimated.swift */ = {isa = PBXFileReference; fileEncoding = 4; lastKnownFileType = sourcecode.swift; path = EWAddressPresentAnimated.swift; sourceTree = "<group>"; };
		D57B2A5F22E6F8E9001B0EFF /* RONetCenter.swift */ = {isa = PBXFileReference; lastKnownFileType = sourcecode.swift; path = RONetCenter.swift; sourceTree = "<group>"; };
		D57B2A6122E701BC001B0EFF /* HomeModel.swift */ = {isa = PBXFileReference; lastKnownFileType = sourcecode.swift; path = HomeModel.swift; sourceTree = "<group>"; };
		D57B2A6422E805C9001B0EFF /* Product.swift */ = {isa = PBXFileReference; lastKnownFileType = sourcecode.swift; path = Product.swift; sourceTree = "<group>"; };
		D59BA9E922E592D5007D1434 /* SwiftAppStore.app */ = {isa = PBXFileReference; explicitFileType = wrapper.application; includeInIndex = 0; path = SwiftAppStore.app; sourceTree = BUILT_PRODUCTS_DIR; };
		D59BA9EC22E592D5007D1434 /* AppDelegate.swift */ = {isa = PBXFileReference; lastKnownFileType = sourcecode.swift; path = AppDelegate.swift; sourceTree = "<group>"; };
		D59BA9EE22E592D5007D1434 /* ViewController.swift */ = {isa = PBXFileReference; lastKnownFileType = sourcecode.swift; path = ViewController.swift; sourceTree = "<group>"; };
		D59BA9F322E592D7007D1434 /* Assets.xcassets */ = {isa = PBXFileReference; lastKnownFileType = folder.assetcatalog; path = Assets.xcassets; sourceTree = "<group>"; };
		D59BA9F622E592D7007D1434 /* Base */ = {isa = PBXFileReference; lastKnownFileType = file.storyboard; name = Base; path = Base.lproj/LaunchScreen.storyboard; sourceTree = "<group>"; };
		D59BA9F822E592D7007D1434 /* Info.plist */ = {isa = PBXFileReference; lastKnownFileType = text.plist.xml; path = Info.plist; sourceTree = "<group>"; };
		D59BA9FD22E592D7007D1434 /* SwiftAppStoreTests.xctest */ = {isa = PBXFileReference; explicitFileType = wrapper.cfbundle; includeInIndex = 0; path = SwiftAppStoreTests.xctest; sourceTree = BUILT_PRODUCTS_DIR; };
		D59BAA0122E592D7007D1434 /* SwiftAppStoreTests.swift */ = {isa = PBXFileReference; lastKnownFileType = sourcecode.swift; path = SwiftAppStoreTests.swift; sourceTree = "<group>"; };
		D59BAA0322E592D7007D1434 /* Info.plist */ = {isa = PBXFileReference; lastKnownFileType = text.plist.xml; path = Info.plist; sourceTree = "<group>"; };
		D59BAA0822E592D7007D1434 /* SwiftAppStoreUITests.xctest */ = {isa = PBXFileReference; explicitFileType = wrapper.cfbundle; includeInIndex = 0; path = SwiftAppStoreUITests.xctest; sourceTree = BUILT_PRODUCTS_DIR; };
		D59BAA0C22E592D7007D1434 /* SwiftAppStoreUITests.swift */ = {isa = PBXFileReference; lastKnownFileType = sourcecode.swift; path = SwiftAppStoreUITests.swift; sourceTree = "<group>"; };
		D59BAA0E22E592D7007D1434 /* Info.plist */ = {isa = PBXFileReference; lastKnownFileType = text.plist.xml; path = Info.plist; sourceTree = "<group>"; };
		D59C563722E93FFB00C8D8BF /* HomeVCViewController.swift */ = {isa = PBXFileReference; lastKnownFileType = sourcecode.swift; path = HomeVCViewController.swift; sourceTree = "<group>"; };
		D59C563822E93FFB00C8D8BF /* HomeVCViewController.xib */ = {isa = PBXFileReference; lastKnownFileType = file.xib; path = HomeVCViewController.xib; sourceTree = "<group>"; };
		D5AD1EA822E59C2C0060256D /* RONetTool.swift */ = {isa = PBXFileReference; lastKnownFileType = sourcecode.swift; path = RONetTool.swift; sourceTree = "<group>"; };
		D5AF8BD322F81208003D021F /* CouponsViewController.swift */ = {isa = PBXFileReference; lastKnownFileType = sourcecode.swift; path = CouponsViewController.swift; sourceTree = "<group>"; };
		D5AF8BD422F81208003D021F /* CouponsViewController.xib */ = {isa = PBXFileReference; lastKnownFileType = file.xib; path = CouponsViewController.xib; sourceTree = "<group>"; };
		D5AF8BD722F816DA003D021F /* Coupous.swift */ = {isa = PBXFileReference; lastKnownFileType = sourcecode.swift; path = Coupous.swift; sourceTree = "<group>"; };
		D5AF8BDA22F81FE2003D021F /* CouponsCell.swift */ = {isa = PBXFileReference; lastKnownFileType = sourcecode.swift; path = CouponsCell.swift; sourceTree = "<group>"; };
		D5AF8BDB22F81FE2003D021F /* CouponsCell.xib */ = {isa = PBXFileReference; lastKnownFileType = file.xib; path = CouponsCell.xib; sourceTree = "<group>"; };
		D5B6DE7622FA6B7F00BA0201 /* CarGood.swift */ = {isa = PBXFileReference; lastKnownFileType = sourcecode.swift; path = CarGood.swift; sourceTree = "<group>"; };
		D5B6DE7922FA7A9900BA0201 /* MyTableViewCell.swift */ = {isa = PBXFileReference; lastKnownFileType = sourcecode.swift; path = MyTableViewCell.swift; sourceTree = "<group>"; };
		D5B6DE7A22FA7A9900BA0201 /* MyTableViewCell.xib */ = {isa = PBXFileReference; lastKnownFileType = file.xib; path = MyTableViewCell.xib; sourceTree = "<group>"; };
		D5B6DE7D22FAA75800BA0201 /* AboutUsViewController.swift */ = {isa = PBXFileReference; lastKnownFileType = sourcecode.swift; path = AboutUsViewController.swift; sourceTree = "<group>"; };
		D5B6DE7E22FAA75800BA0201 /* AboutUsViewController.xib */ = {isa = PBXFileReference; lastKnownFileType = file.xib; path = AboutUsViewController.xib; sourceTree = "<group>"; };
		D5B6DE8122FAAA4D00BA0201 /* MesssageViewController.swift */ = {isa = PBXFileReference; lastKnownFileType = sourcecode.swift; path = MesssageViewController.swift; sourceTree = "<group>"; };
		D5B6DE8222FAAA4D00BA0201 /* MesssageViewController.xib */ = {isa = PBXFileReference; lastKnownFileType = file.xib; path = MesssageViewController.xib; sourceTree = "<group>"; };
		D5B6DE8522FABAEB00BA0201 /* CollectViewController.swift */ = {isa = PBXFileReference; lastKnownFileType = sourcecode.swift; path = CollectViewController.swift; sourceTree = "<group>"; };
		D5B6DE8622FABAEB00BA0201 /* CollectViewController.xib */ = {isa = PBXFileReference; lastKnownFileType = file.xib; path = CollectViewController.xib; sourceTree = "<group>"; };
		D5B6DE8922FABEE000BA0201 /* SyystemViewController.swift */ = {isa = PBXFileReference; lastKnownFileType = sourcecode.swift; path = SyystemViewController.swift; sourceTree = "<group>"; };
		D5B6DE8A22FABEE000BA0201 /* SyystemViewController.xib */ = {isa = PBXFileReference; lastKnownFileType = file.xib; path = SyystemViewController.xib; sourceTree = "<group>"; };
		D5B6DE8D22FBB05D00BA0201 /* SuggestionViewController.swift */ = {isa = PBXFileReference; lastKnownFileType = sourcecode.swift; path = SuggestionViewController.swift; sourceTree = "<group>"; };
		D5B6DE8E22FBB05D00BA0201 /* SuggestionViewController.xib */ = {isa = PBXFileReference; lastKnownFileType = file.xib; path = SuggestionViewController.xib; sourceTree = "<group>"; };
		D5B6DE9122FBEC5400BA0201 /* OrderListViewController.swift */ = {isa = PBXFileReference; lastKnownFileType = sourcecode.swift; path = OrderListViewController.swift; sourceTree = "<group>"; };
		D5B6DE9222FBEC5400BA0201 /* OrderListViewController.xib */ = {isa = PBXFileReference; lastKnownFileType = file.xib; path = OrderListViewController.xib; sourceTree = "<group>"; };
		D5B6DE9522FBF00500BA0201 /* OrderListTableViewCell.swift */ = {isa = PBXFileReference; lastKnownFileType = sourcecode.swift; path = OrderListTableViewCell.swift; sourceTree = "<group>"; };
		D5B6DE9622FBF00500BA0201 /* OrderListTableViewCell.xib */ = {isa = PBXFileReference; lastKnownFileType = file.xib; path = OrderListTableViewCell.xib; sourceTree = "<group>"; };
		D5B6DE9922FBF2F600BA0201 /* OrderDetailModel.swift */ = {isa = PBXFileReference; lastKnownFileType = sourcecode.swift; path = OrderDetailModel.swift; sourceTree = "<group>"; };
		D5B6DE9B22FBF3CA00BA0201 /* OrderSigle.swift */ = {isa = PBXFileReference; lastKnownFileType = sourcecode.swift; path = OrderSigle.swift; sourceTree = "<group>"; };
		D5C7132E22EE8BE20005F352 /* CateViewController.swift */ = {isa = PBXFileReference; lastKnownFileType = sourcecode.swift; path = CateViewController.swift; sourceTree = "<group>"; };
		D5C7132F22EE8BE20005F352 /* CateViewController.xib */ = {isa = PBXFileReference; lastKnownFileType = file.xib; path = CateViewController.xib; sourceTree = "<group>"; };
		D5C7133222EE91B50005F352 /* CateModel.swift */ = {isa = PBXFileReference; lastKnownFileType = sourcecode.swift; path = CateModel.swift; sourceTree = "<group>"; };
		D5C7133422EE96ED0005F352 /* CateChildModel.swift */ = {isa = PBXFileReference; lastKnownFileType = sourcecode.swift; path = CateChildModel.swift; sourceTree = "<group>"; };
		D5C7133722EE98560005F352 /* CateLeftTableViewCell.swift */ = {isa = PBXFileReference; lastKnownFileType = sourcecode.swift; path = CateLeftTableViewCell.swift; sourceTree = "<group>"; };
		D5C7133822EE98560005F352 /* CateLeftTableViewCell.xib */ = {isa = PBXFileReference; lastKnownFileType = file.xib; path = CateLeftTableViewCell.xib; sourceTree = "<group>"; };
		D5C7133B22EE99790005F352 /* CateRightTableCell.swift */ = {isa = PBXFileReference; lastKnownFileType = sourcecode.swift; path = CateRightTableCell.swift; sourceTree = "<group>"; };
		D5C7133C22EE99790005F352 /* CateRightTableCell.xib */ = {isa = PBXFileReference; lastKnownFileType = file.xib; path = CateRightTableCell.xib; sourceTree = "<group>"; };
		D5C7134022F026230005F352 /* CateSecondLevelViewController.swift */ = {isa = PBXFileReference; lastKnownFileType = sourcecode.swift; path = CateSecondLevelViewController.swift; sourceTree = "<group>"; };
		D5C7134122F026230005F352 /* CateSecondLevelViewController.xib */ = {isa = PBXFileReference; lastKnownFileType = file.xib; path = CateSecondLevelViewController.xib; sourceTree = "<group>"; };
		D5C7134522F0274D0005F352 /* CateSecondLVCell.swift */ = {isa = PBXFileReference; lastKnownFileType = sourcecode.swift; path = CateSecondLVCell.swift; sourceTree = "<group>"; };
		D5C7134622F0274D0005F352 /* CateSecondLVCell.xib */ = {isa = PBXFileReference; lastKnownFileType = file.xib; path = CateSecondLVCell.xib; sourceTree = "<group>"; };
		D5C7134922F035DF0005F352 /* CateDetailListModel.swift */ = {isa = PBXFileReference; lastKnownFileType = sourcecode.swift; path = CateDetailListModel.swift; sourceTree = "<group>"; };
		D5C7134C22F15F290005F352 /* ProductViewController.swift */ = {isa = PBXFileReference; lastKnownFileType = sourcecode.swift; path = ProductViewController.swift; sourceTree = "<group>"; };
		D5C7134D22F15F290005F352 /* ProductViewController.xib */ = {isa = PBXFileReference; lastKnownFileType = file.xib; path = ProductViewController.xib; sourceTree = "<group>"; };
		D5C7135022F161950005F352 /* ProductDetail.swift */ = {isa = PBXFileReference; lastKnownFileType = sourcecode.swift; path = ProductDetail.swift; sourceTree = "<group>"; };
		D5C97ADB22F9100800C7ED59 /* CoupousSelectViewController.swift */ = {isa = PBXFileReference; lastKnownFileType = sourcecode.swift; path = CoupousSelectViewController.swift; sourceTree = "<group>"; };
		D5C97ADC22F9100800C7ED59 /* CoupousSelectViewController.xib */ = {isa = PBXFileReference; lastKnownFileType = file.xib; path = CoupousSelectViewController.xib; sourceTree = "<group>"; };
		D5C97AE022F92ED500C7ED59 /* LoginViewController.swift */ = {isa = PBXFileReference; lastKnownFileType = sourcecode.swift; path = LoginViewController.swift; sourceTree = "<group>"; };
		D5C97AE122F92ED500C7ED59 /* LoginViewController.xib */ = {isa = PBXFileReference; lastKnownFileType = file.xib; path = LoginViewController.xib; sourceTree = "<group>"; };
		D5C97AE422F9488F00C7ED59 /* RegistViewController.swift */ = {isa = PBXFileReference; lastKnownFileType = sourcecode.swift; path = RegistViewController.swift; sourceTree = "<group>"; };
		D5C97AE522F9488F00C7ED59 /* RegistViewController.xib */ = {isa = PBXFileReference; lastKnownFileType = file.xib; path = RegistViewController.xib; sourceTree = "<group>"; };
		D5C97AE822F94DEC00C7ED59 /* User.swift */ = {isa = PBXFileReference; lastKnownFileType = sourcecode.swift; path = User.swift; sourceTree = "<group>"; };
		D5C97AEA22F94F5000C7ED59 /* AdminTool.swift */ = {isa = PBXFileReference; lastKnownFileType = sourcecode.swift; path = AdminTool.swift; sourceTree = "<group>"; };
		D5DBCF0D22F4284F00C30150 /* HudTool.swift */ = {isa = PBXFileReference; lastKnownFileType = sourcecode.swift; path = HudTool.swift; sourceTree = "<group>"; };
		D5DBCF1022F42FB800C30150 /* OrderViewController.swift */ = {isa = PBXFileReference; lastKnownFileType = sourcecode.swift; path = OrderViewController.swift; sourceTree = "<group>"; };
		D5DBCF1122F42FB800C30150 /* OrderViewController.xib */ = {isa = PBXFileReference; lastKnownFileType = file.xib; path = OrderViewController.xib; sourceTree = "<group>"; };
		D5DBCF1522F4317600C30150 /* OrderSigleCell.swift */ = {isa = PBXFileReference; lastKnownFileType = sourcecode.swift; path = OrderSigleCell.swift; sourceTree = "<group>"; };
		D5DBCF1622F4317600C30150 /* OrderSigleCell.xib */ = {isa = PBXFileReference; lastKnownFileType = file.xib; path = OrderSigleCell.xib; sourceTree = "<group>"; };
		D5DBCF1922F431A000C30150 /* orderDiscountCel.swift */ = {isa = PBXFileReference; lastKnownFileType = sourcecode.swift; path = orderDiscountCel.swift; sourceTree = "<group>"; };
		D5DBCF1A22F431A000C30150 /* orderDiscountCel.xib */ = {isa = PBXFileReference; lastKnownFileType = file.xib; path = orderDiscountCel.xib; sourceTree = "<group>"; };
		D5DBCF1D22F431BC00C30150 /* OrderAdressCell.swift */ = {isa = PBXFileReference; lastKnownFileType = sourcecode.swift; path = OrderAdressCell.swift; sourceTree = "<group>"; };
		D5DBCF1E22F431BC00C30150 /* OrderAdressCell.xib */ = {isa = PBXFileReference; lastKnownFileType = file.xib; path = OrderAdressCell.xib; sourceTree = "<group>"; };
		D5F54A8322E9428400A7EB61 /* CarViewController.swift */ = {isa = PBXFileReference; lastKnownFileType = sourcecode.swift; path = CarViewController.swift; sourceTree = "<group>"; };
		D5F54A8422E9428400A7EB61 /* CarViewController.xib */ = {isa = PBXFileReference; lastKnownFileType = file.xib; path = CarViewController.xib; sourceTree = "<group>"; };
		D5F54A8722E9429300A7EB61 /* MyViewController.swift */ = {isa = PBXFileReference; lastKnownFileType = sourcecode.swift; path = MyViewController.swift; sourceTree = "<group>"; };
		D5F54A8822E9429300A7EB61 /* MyViewController.xib */ = {isa = PBXFileReference; lastKnownFileType = file.xib; path = MyViewController.xib; sourceTree = "<group>"; };
		EA416B67450A15199006D0E8 /* Pods-SwiftAppStore.release.xcconfig */ = {isa = PBXFileReference; includeInIndex = 1; lastKnownFileType = text.xcconfig; name = "Pods-SwiftAppStore.release.xcconfig"; path = "Pods/Target Support Files/Pods-SwiftAppStore/Pods-SwiftAppStore.release.xcconfig"; sourceTree = "<group>"; };
		F554692A0AB1DA97A91049CA /* Pods_SwiftAppStore.framework */ = {isa = PBXFileReference; explicitFileType = wrapper.framework; includeInIndex = 0; path = Pods_SwiftAppStore.framework; sourceTree = BUILT_PRODUCTS_DIR; };
/* End PBXFileReference section */

/* Begin PBXFrameworksBuildPhase section */
		D59BA9E622E592D5007D1434 /* Frameworks */ = {
			isa = PBXFrameworksBuildPhase;
			buildActionMask = 2147483647;
			files = (
				C12B5961EB29F23CEFCE50B5 /* Pods_SwiftAppStore.framework in Frameworks */,
			);
			runOnlyForDeploymentPostprocessing = 0;
		};
		D59BA9FA22E592D7007D1434 /* Frameworks */ = {
			isa = PBXFrameworksBuildPhase;
			buildActionMask = 2147483647;
			files = (
			);
			runOnlyForDeploymentPostprocessing = 0;
		};
		D59BAA0522E592D7007D1434 /* Frameworks */ = {
			isa = PBXFrameworksBuildPhase;
			buildActionMask = 2147483647;
			files = (
			);
			runOnlyForDeploymentPostprocessing = 0;
		};
/* End PBXFrameworksBuildPhase section */

/* Begin PBXGroup section */
		39A2C00410C4676DF3F5FB57 /* Pods */ = {
			isa = PBXGroup;
			children = (
				8AC0DDAE9AA2BD6E217508FB /* Pods-SwiftAppStore.debug.xcconfig */,
				EA416B67450A15199006D0E8 /* Pods-SwiftAppStore.release.xcconfig */,
			);
			name = Pods;
			sourceTree = "<group>";
		};
		953B82E5FEA31B888EC4B304 /* Frameworks */ = {
			isa = PBXGroup;
			children = (
				F554692A0AB1DA97A91049CA /* Pods_SwiftAppStore.framework */,
			);
			name = Frameworks;
			sourceTree = "<group>";
		};
		D5018C4022F569B000724A0F /* Address */ = {
			isa = PBXGroup;
			children = (
				D5018C4122F569D100724A0F /* AddressViewController.swift */,
				D5018C4222F569D100724A0F /* AddressViewController.xib */,
				D5018C4722F58BC800724A0F /* AddressDetailViewController.swift */,
				D5018C4822F58BC800724A0F /* AddressDetailViewController.xib */,
			);
			path = Address;
			sourceTree = "<group>";
		};
		D5392E6A22E85729004AAD9D /* Main */ = {
			isa = PBXGroup;
			children = (
				D5392E6B22E85729004AAD9D /* MCNavegationController.swift */,
				D5392E6C22E85729004AAD9D /* MCRootViewController.swift */,
				D5392E6D22E85729004AAD9D /* MCTabbarController.swift */,
			);
			path = Main;
			sourceTree = "<group>";
		};
		D5392E7122E85743004AAD9D /* Category */ = {
			isa = PBXGroup;
			children = (
				D5392E7322E85743004AAD9D /* UITextField+Tel.swift */,
				D5392E7422E85743004AAD9D /* UIViewLayout.swift */,
				D5392E7522E85743004AAD9D /* UIViewControllerExt.swift */,
				D5392E7622E85743004AAD9D /* TableView+ExtenSion.swift */,
				D5392E7722E85743004AAD9D /* String+ExtenSion.swift */,
				D5392E7822E85743004AAD9D /* NSStringExt.swift */,
				D5392E7922E85743004AAD9D /* UIBarButtonExtension.swift */,
				D5392E7A22E85743004AAD9D /* MCColorEXT.swift */,
				D5392E7B22E85743004AAD9D /* UILable+Extension.swift */,
				D53DD1A822EAC98700CFF8DB /* UIImageViewExt.swift */,
			);
			path = Category;
			sourceTree = "<group>";
		};
		D53DD1A322EAAB0A00CFF8DB /* Cell */ = {
			isa = PBXGroup;
			children = (
				D53DD1A422EAAB8B00CFF8DB /* HomeCollectionViewCell.swift */,
				D53DD1A522EAAB8B00CFF8DB /* HomeCollectionViewCell.xib */,
			);
			path = Cell;
			sourceTree = "<group>";
		};
		D548084422F2DBAF00379833 /* View */ = {
			isa = PBXGroup;
			children = (
				D548084522F2DBC500379833 /* PurchaseView.swift */,
			);
			path = View;
			sourceTree = "<group>";
		};
		D551C7BD22FD12620085251D /* Search */ = {
			isa = PBXGroup;
			children = (
				D551C7DE22FD17100085251D /* DWQSearchController.h */,
				D551C7DF22FD17100085251D /* DWQSearchController.m */,
				D551C7BF22FD12990085251D /* SearchViewController.h */,
				D551C7C022FD12990085251D /* SearchViewController.m */,
				D551C7C122FD12990085251D /* SearchViewController.xib */,
				D551C7BE22FD12990085251D /* SwiftAppStore-Bridging-Header.h */,
			);
			path = Search;
			sourceTree = "<group>";
		};
		D551C7C422FD16FF0085251D /* DWQSearchWithHotAndHistory */ = {
			isa = PBXGroup;
			children = (
				D551C7C522FD16FF0085251D /* DWQSearchBar */,
				D551C7CD22FD16FF0085251D /* DWQTagView */,
			);
			path = DWQSearchWithHotAndHistory;
			sourceTree = "<group>";
		};
		D551C7C522FD16FF0085251D /* DWQSearchBar */ = {
			isa = PBXGroup;
			children = (
				D551C7C622FD16FF0085251D /* ic_close_grey2.png */,
				D551C7C722FD16FF0085251D /* 搜索-拷贝@3x.png */,
				D551C7C822FD16FF0085251D /* 搜索-拷贝@2x.png */,
				D551C7C922FD16FF0085251D /* DWQSearchBar.h */,
				D551C7CA22FD16FF0085251D /* UIViewExt.m */,
				D551C7CB22FD16FF0085251D /* DWQSearchBar.m */,
				D551C7CC22FD16FF0085251D /* UIViewExt.h */,
			);
			path = DWQSearchBar;
			sourceTree = "<group>";
		};
		D551C7CD22FD16FF0085251D /* DWQTagView */ = {
			isa = PBXGroup;
			children = (
				D551C7CE22FD16FF0085251D /* HistorySearchCell.h */,
				D551C7CF22FD16FF0085251D /* DWQTagView.m */,
				D551C7D022FD16FF0085251D /* HotSerachCell.h */,
				D551C7D122FD16FF0085251D /* HistorySearchCell.xib */,
				D551C7D222FD16FF0085251D /* HistorySearchCell.m */,
				D551C7D322FD16FF0085251D /* DWQTagView.h */,
				D551C7D422FD16FF0085251D /* HotSerachCell.m */,
			);
			path = DWQTagView;
			sourceTree = "<group>";
		};
		D551C7E122FD4E690085251D /* web */ = {
			isa = PBXGroup;
			children = (
				D551C7E722FD4E900085251D /* WkViewController.swift */,
				D551C7E822FD4E900085251D /* WkViewController.xib */,
			);
			path = web;
			sourceTree = "<group>";
		};
		D569390F22F80E68004227A9 /* Coupon */ = {
			isa = PBXGroup;
			children = (
				D5AF8BD922F81FC4003D021F /* view */,
				D5AF8BD322F81208003D021F /* CouponsViewController.swift */,
				D5AF8BD422F81208003D021F /* CouponsViewController.xib */,
				D5C97ADB22F9100800C7ED59 /* CoupousSelectViewController.swift */,
				D5C97ADC22F9100800C7ED59 /* CoupousSelectViewController.xib */,
			);
			path = Coupon;
			sourceTree = "<group>";
		};
		D578FFC923023E6F007F062D /* EWAddressPicker */ = {
			isa = PBXGroup;
			children = (
				D578FFCA23023E6F007F062D /* area.plist */,
				D578FFCB23023E6F007F062D /* EWAddressModel.swift */,
				D578FFCC23023E6F007F062D /* EWAddressPickViewTableViewCell.swift */,
				D578FFCD23023E6F007F062D /* EWAddressPickView.swift */,
				D578FFCE23023E6F007F062D /* EWAddressViewController.swift */,
				D578FFCF23023E6F007F062D /* EWAddressPresentAnimated.swift */,
			);
			name = EWAddressPicker;
			path = "../../../../Downloads/EWAddressPicker-Swift-master/EWAddressPicker/EWAddressPicker";
			sourceTree = "<group>";
		};
		D57B2A6322E805B3001B0EFF /* Model */ = {
			isa = PBXGroup;
			children = (
				D57B2A6422E805C9001B0EFF /* Product.swift */,
				D5C7133222EE91B50005F352 /* CateModel.swift */,
				D5C7133422EE96ED0005F352 /* CateChildModel.swift */,
				D5C7134922F035DF0005F352 /* CateDetailListModel.swift */,
				D5C7135022F161950005F352 /* ProductDetail.swift */,
				D5018C3E22F5321100724A0F /* discountModel.swift */,
				D5018C4522F5771700724A0F /* AddressModel.swift */,
				D5AF8BD722F816DA003D021F /* Coupous.swift */,
				D5C97AE822F94DEC00C7ED59 /* User.swift */,
				D5C97AEA22F94F5000C7ED59 /* AdminTool.swift */,
				D5B6DE7622FA6B7F00BA0201 /* CarGood.swift */,
				D5B6DE9922FBF2F600BA0201 /* OrderDetailModel.swift */,
				D5B6DE9B22FBF3CA00BA0201 /* OrderSigle.swift */,
			);
			path = Model;
			sourceTree = "<group>";
		};
		D59BA9E022E592D5007D1434 = {
			isa = PBXGroup;
			children = (
				D59BA9EB22E592D5007D1434 /* SwiftAppStore */,
				D59BAA0022E592D7007D1434 /* SwiftAppStoreTests */,
				D59BAA0B22E592D7007D1434 /* SwiftAppStoreUITests */,
				D59BA9EA22E592D5007D1434 /* Products */,
				39A2C00410C4676DF3F5FB57 /* Pods */,
				953B82E5FEA31B888EC4B304 /* Frameworks */,
			);
			sourceTree = "<group>";
		};
		D59BA9EA22E592D5007D1434 /* Products */ = {
			isa = PBXGroup;
			children = (
				D59BA9E922E592D5007D1434 /* SwiftAppStore.app */,
				D59BA9FD22E592D7007D1434 /* SwiftAppStoreTests.xctest */,
				D59BAA0822E592D7007D1434 /* SwiftAppStoreUITests.xctest */,
			);
			name = Products;
			sourceTree = "<group>";
		};
		D59BA9EB22E592D5007D1434 /* SwiftAppStore */ = {
			isa = PBXGroup;
			children = (
				D5DBCF0C22F4283100C30150 /* Tool */,
				D5392E7122E85743004AAD9D /* Category */,
				D5392E6A22E85729004AAD9D /* Main */,
				D57B2A6322E805B3001B0EFF /* Model */,
				D5AD1EA722E59C000060256D /* Net */,
				D59C563222E93DF700C8D8BF /* Workspace */,
				D59BA9EC22E592D5007D1434 /* AppDelegate.swift */,
				D57B2A6122E701BC001B0EFF /* HomeModel.swift */,
				D59BA9EE22E592D5007D1434 /* ViewController.swift */,
				D59BA9F322E592D7007D1434 /* Assets.xcassets */,
				D59BA9F522E592D7007D1434 /* LaunchScreen.storyboard */,
				D59BA9F822E592D7007D1434 /* Info.plist */,
			);
			path = SwiftAppStore;
			sourceTree = "<group>";
		};
		D59BAA0022E592D7007D1434 /* SwiftAppStoreTests */ = {
			isa = PBXGroup;
			children = (
				D59BAA0122E592D7007D1434 /* SwiftAppStoreTests.swift */,
				D59BAA0322E592D7007D1434 /* Info.plist */,
			);
			path = SwiftAppStoreTests;
			sourceTree = "<group>";
		};
		D59BAA0B22E592D7007D1434 /* SwiftAppStoreUITests */ = {
			isa = PBXGroup;
			children = (
				D59BAA0C22E592D7007D1434 /* SwiftAppStoreUITests.swift */,
				D59BAA0E22E592D7007D1434 /* Info.plist */,
			);
			path = SwiftAppStoreUITests;
			sourceTree = "<group>";
		};
		D59C563222E93DF700C8D8BF /* Workspace */ = {
			isa = PBXGroup;
			children = (
				D551C7E122FD4E690085251D /* web */,
				D551C7C422FD16FF0085251D /* DWQSearchWithHotAndHistory */,
				D551C7BD22FD12620085251D /* Search */,
				D5C97ADF22F92EBC00C7ED59 /* Login */,
				D569390F22F80E68004227A9 /* Coupon */,
				D5018C4022F569B000724A0F /* Address */,
				D5DBCF0F22F42F9900C30150 /* Order */,
				D5C7134B22F15EFA0005F352 /* Product */,
				D5C7132D22EE8BB90005F352 /* Cate */,
				D59C563622E93FAB00C8D8BF /* My */,
				D59C563522E93FA300C8D8BF /* Car */,
				D59C563322E93E6200C8D8BF /* Home */,
			);
			path = Workspace;
			sourceTree = "<group>";
		};
		D59C563322E93E6200C8D8BF /* Home */ = {
			isa = PBXGroup;
			children = (
				D53DD1A322EAAB0A00CFF8DB /* Cell */,
				D59C563722E93FFB00C8D8BF /* HomeVCViewController.swift */,
				D59C563822E93FFB00C8D8BF /* HomeVCViewController.xib */,
			);
			path = Home;
			sourceTree = "<group>";
		};
		D59C563522E93FA300C8D8BF /* Car */ = {
			isa = PBXGroup;
			children = (
				D5F54A8322E9428400A7EB61 /* CarViewController.swift */,
				D5F54A8422E9428400A7EB61 /* CarViewController.xib */,
			);
			path = Car;
			sourceTree = "<group>";
		};
		D59C563622E93FAB00C8D8BF /* My */ = {
			isa = PBXGroup;
			children = (
				D5B6DE8D22FBB05D00BA0201 /* SuggestionViewController.swift */,
				D5B6DE8E22FBB05D00BA0201 /* SuggestionViewController.xib */,
				D5B6DE7822FA7A7F00BA0201 /* Cell */,
				D5F54A8722E9429300A7EB61 /* MyViewController.swift */,
				D5F54A8822E9429300A7EB61 /* MyViewController.xib */,
				D5B6DE8922FABEE000BA0201 /* SyystemViewController.swift */,
				D5B6DE8A22FABEE000BA0201 /* SyystemViewController.xib */,
				D5B6DE7D22FAA75800BA0201 /* AboutUsViewController.swift */,
				D5B6DE7E22FAA75800BA0201 /* AboutUsViewController.xib */,
				D5B6DE8122FAAA4D00BA0201 /* MesssageViewController.swift */,
				D5B6DE8222FAAA4D00BA0201 /* MesssageViewController.xib */,
				D5B6DE8522FABAEB00BA0201 /* CollectViewController.swift */,
				D5B6DE8622FABAEB00BA0201 /* CollectViewController.xib */,
				D5B6DE9122FBEC5400BA0201 /* OrderListViewController.swift */,
				D5B6DE9222FBEC5400BA0201 /* OrderListViewController.xib */,
			);
			path = My;
			sourceTree = "<group>";
		};
		D5AD1EA722E59C000060256D /* Net */ = {
			isa = PBXGroup;
			children = (
				D5392E6822E84475004AAD9D /* ErrorModel.swift */,
				D5AD1EA822E59C2C0060256D /* RONetTool.swift */,
				D57B2A5F22E6F8E9001B0EFF /* RONetCenter.swift */,
			);
			path = Net;
			sourceTree = "<group>";
		};
		D5AF8BD922F81FC4003D021F /* view */ = {
			isa = PBXGroup;
			children = (
				D5AF8BDA22F81FE2003D021F /* CouponsCell.swift */,
				D5AF8BDB22F81FE2003D021F /* CouponsCell.xib */,
			);
			path = view;
			sourceTree = "<group>";
		};
		D5B6DE7822FA7A7F00BA0201 /* Cell */ = {
			isa = PBXGroup;
			children = (
				D5B6DE7922FA7A9900BA0201 /* MyTableViewCell.swift */,
				D5B6DE7A22FA7A9900BA0201 /* MyTableViewCell.xib */,
				D5B6DE9522FBF00500BA0201 /* OrderListTableViewCell.swift */,
				D5B6DE9622FBF00500BA0201 /* OrderListTableViewCell.xib */,
			);
			path = Cell;
			sourceTree = "<group>";
		};
		D5C7132D22EE8BB90005F352 /* Cate */ = {
			isa = PBXGroup;
			children = (
				D5C7133F22F025A70005F352 /* CateChild */,
				D5C7133622EE98330005F352 /* Cell */,
				D5C7132E22EE8BE20005F352 /* CateViewController.swift */,
				D5C7132F22EE8BE20005F352 /* CateViewController.xib */,
			);
			path = Cate;
			sourceTree = "<group>";
		};
		D5C7133622EE98330005F352 /* Cell */ = {
			isa = PBXGroup;
			children = (
				D5C7133B22EE99790005F352 /* CateRightTableCell.swift */,
				D5C7133C22EE99790005F352 /* CateRightTableCell.xib */,
				D5C7133722EE98560005F352 /* CateLeftTableViewCell.swift */,
				D5C7133822EE98560005F352 /* CateLeftTableViewCell.xib */,
			);
			path = Cell;
			sourceTree = "<group>";
		};
		D5C7133F22F025A70005F352 /* CateChild */ = {
			isa = PBXGroup;
			children = (
				D5C7134422F027230005F352 /* Cell */,
				D5C7134022F026230005F352 /* CateSecondLevelViewController.swift */,
				D5C7134122F026230005F352 /* CateSecondLevelViewController.xib */,
			);
			path = CateChild;
			sourceTree = "<group>";
		};
		D5C7134422F027230005F352 /* Cell */ = {
			isa = PBXGroup;
			children = (
				D5C7134522F0274D0005F352 /* CateSecondLVCell.swift */,
				D5C7134622F0274D0005F352 /* CateSecondLVCell.xib */,
			);
			path = Cell;
			sourceTree = "<group>";
		};
		D5C7134B22F15EFA0005F352 /* Product */ = {
			isa = PBXGroup;
			children = (
				D548084422F2DBAF00379833 /* View */,
				D5C7134C22F15F290005F352 /* ProductViewController.swift */,
				D5C7134D22F15F290005F352 /* ProductViewController.xib */,
			);
			path = Product;
			sourceTree = "<group>";
		};
		D5C97ADF22F92EBC00C7ED59 /* Login */ = {
			isa = PBXGroup;
			children = (
				D5C97AE022F92ED500C7ED59 /* LoginViewController.swift */,
				D5C97AE122F92ED500C7ED59 /* LoginViewController.xib */,
				D5C97AE422F9488F00C7ED59 /* RegistViewController.swift */,
				D5C97AE522F9488F00C7ED59 /* RegistViewController.xib */,
			);
			path = Login;
			sourceTree = "<group>";
		};
		D5DBCF0C22F4283100C30150 /* Tool */ = {
			isa = PBXGroup;
			children = (
				D578FFC923023E6F007F062D /* EWAddressPicker */,
				D5DBCF0D22F4284F00C30150 /* HudTool.swift */,
				D569390922F7DDD1004227A9 /* MCFileManager.swift */,
			);
			path = Tool;
			sourceTree = "<group>";
		};
		D5DBCF0F22F42F9900C30150 /* Order */ = {
			isa = PBXGroup;
			children = (
				D5DBCF1422F4314B00C30150 /* view */,
				D5DBCF1022F42FB800C30150 /* OrderViewController.swift */,
				D5DBCF1122F42FB800C30150 /* OrderViewController.xib */,
			);
			path = Order;
			sourceTree = "<group>";
		};
		D5DBCF1422F4314B00C30150 /* view */ = {
			isa = PBXGroup;
			children = (
				D5DBCF1522F4317600C30150 /* OrderSigleCell.swift */,
				D5DBCF1622F4317600C30150 /* OrderSigleCell.xib */,
				D5DBCF1922F431A000C30150 /* orderDiscountCel.swift */,
				D5DBCF1A22F431A000C30150 /* orderDiscountCel.xib */,
				D5DBCF1D22F431BC00C30150 /* OrderAdressCell.swift */,
				D5DBCF1E22F431BC00C30150 /* OrderAdressCell.xib */,
			);
			path = view;
			sourceTree = "<group>";
		};
/* End PBXGroup section */

/* Begin PBXNativeTarget section */
		D59BA9E822E592D5007D1434 /* SwiftAppStore */ = {
			isa = PBXNativeTarget;
			buildConfigurationList = D59BAA1122E592D7007D1434 /* Build configuration list for PBXNativeTarget "SwiftAppStore" */;
			buildPhases = (
				ED516640AB5B37C13DC30353 /* [CP] Check Pods Manifest.lock */,
				D59BA9E522E592D5007D1434 /* Sources */,
				D59BA9E622E592D5007D1434 /* Frameworks */,
				D59BA9E722E592D5007D1434 /* Resources */,
				788B7C71CE6D7E8015E2576D /* [CP] Embed Pods Frameworks */,
			);
			buildRules = (
			);
			dependencies = (
			);
			name = SwiftAppStore;
			productName = SwiftAppStore;
			productReference = D59BA9E922E592D5007D1434 /* SwiftAppStore.app */;
			productType = "com.apple.product-type.application";
		};
		D59BA9FC22E592D7007D1434 /* SwiftAppStoreTests */ = {
			isa = PBXNativeTarget;
			buildConfigurationList = D59BAA1422E592D7007D1434 /* Build configuration list for PBXNativeTarget "SwiftAppStoreTests" */;
			buildPhases = (
				D59BA9F922E592D7007D1434 /* Sources */,
				D59BA9FA22E592D7007D1434 /* Frameworks */,
				D59BA9FB22E592D7007D1434 /* Resources */,
			);
			buildRules = (
			);
			dependencies = (
				D59BA9FF22E592D7007D1434 /* PBXTargetDependency */,
			);
			name = SwiftAppStoreTests;
			productName = SwiftAppStoreTests;
			productReference = D59BA9FD22E592D7007D1434 /* SwiftAppStoreTests.xctest */;
			productType = "com.apple.product-type.bundle.unit-test";
		};
		D59BAA0722E592D7007D1434 /* SwiftAppStoreUITests */ = {
			isa = PBXNativeTarget;
			buildConfigurationList = D59BAA1722E592D7007D1434 /* Build configuration list for PBXNativeTarget "SwiftAppStoreUITests" */;
			buildPhases = (
				D59BAA0422E592D7007D1434 /* Sources */,
				D59BAA0522E592D7007D1434 /* Frameworks */,
				D59BAA0622E592D7007D1434 /* Resources */,
			);
			buildRules = (
			);
			dependencies = (
				D59BAA0A22E592D7007D1434 /* PBXTargetDependency */,
			);
			name = SwiftAppStoreUITests;
			productName = SwiftAppStoreUITests;
			productReference = D59BAA0822E592D7007D1434 /* SwiftAppStoreUITests.xctest */;
			productType = "com.apple.product-type.bundle.ui-testing";
		};
/* End PBXNativeTarget section */

/* Begin PBXProject section */
		D59BA9E122E592D5007D1434 /* Project object */ = {
			isa = PBXProject;
			attributes = {
				LastSwiftUpdateCheck = 1010;
				LastUpgradeCheck = 1010;
				ORGANIZATIONNAME = rhonin;
				TargetAttributes = {
					D59BA9E822E592D5007D1434 = {
						CreatedOnToolsVersion = 10.1;
						LastSwiftMigration = 1010;
					};
					D59BA9FC22E592D7007D1434 = {
						CreatedOnToolsVersion = 10.1;
						TestTargetID = D59BA9E822E592D5007D1434;
					};
					D59BAA0722E592D7007D1434 = {
						CreatedOnToolsVersion = 10.1;
						TestTargetID = D59BA9E822E592D5007D1434;
					};
				};
			};
			buildConfigurationList = D59BA9E422E592D5007D1434 /* Build configuration list for PBXProject "SwiftAppStore" */;
			compatibilityVersion = "Xcode 9.3";
			developmentRegion = en;
			hasScannedForEncodings = 0;
			knownRegions = (
				en,
				Base,
			);
			mainGroup = D59BA9E022E592D5007D1434;
			productRefGroup = D59BA9EA22E592D5007D1434 /* Products */;
			projectDirPath = "";
			projectRoot = "";
			targets = (
				D59BA9E822E592D5007D1434 /* SwiftAppStore */,
				D59BA9FC22E592D7007D1434 /* SwiftAppStoreTests */,
				D59BAA0722E592D7007D1434 /* SwiftAppStoreUITests */,
			);
		};
/* End PBXProject section */

/* Begin PBXResourcesBuildPhase section */
		D59BA9E722E592D5007D1434 /* Resources */ = {
			isa = PBXResourcesBuildPhase;
			buildActionMask = 2147483647;
			files = (
				D5AF8BD622F81208003D021F /* CouponsViewController.xib in Resources */,
				D5C97ADE22F9100800C7ED59 /* CoupousSelectViewController.xib in Resources */,
				D5C7134322F026230005F352 /* CateSecondLevelViewController.xib in Resources */,
				D5F54A8A22E9429300A7EB61 /* MyViewController.xib in Resources */,
				D5DBCF2022F431BC00C30150 /* OrderAdressCell.xib in Resources */,
				D59BA9F722E592D7007D1434 /* LaunchScreen.storyboard in Resources */,
				D5B6DE9822FBF00500BA0201 /* OrderListTableViewCell.xib in Resources */,
				D5AF8BDD22F81FE2003D021F /* CouponsCell.xib in Resources */,
				D5018C4A22F58BC800724A0F /* AddressDetailViewController.xib in Resources */,
				D5F54A8622E9428400A7EB61 /* CarViewController.xib in Resources */,
				D5018C4422F569D100724A0F /* AddressViewController.xib in Resources */,
				D5C7134822F0274D0005F352 /* CateSecondLVCell.xib in Resources */,
				D5C7133122EE8BE20005F352 /* CateViewController.xib in Resources */,
				D5B6DE8422FAAA4D00BA0201 /* MesssageViewController.xib in Resources */,
				D59BA9F422E592D7007D1434 /* Assets.xcassets in Resources */,
				D5C7133E22EE99790005F352 /* CateRightTableCell.xib in Resources */,
				D551C7D622FD16FF0085251D /* 搜索-拷贝@3x.png in Resources */,
				D5C97AE322F92ED500C7ED59 /* LoginViewController.xib in Resources */,
				D551C7D522FD16FF0085251D /* ic_close_grey2.png in Resources */,
				D551C7D722FD16FF0085251D /* 搜索-拷贝@2x.png in Resources */,
				D5C7133A22EE98560005F352 /* CateLeftTableViewCell.xib in Resources */,
				D5DBCF1822F4317600C30150 /* OrderSigleCell.xib in Resources */,
				D5DBCF1C22F431A000C30150 /* orderDiscountCel.xib in Resources */,
				D578FFD023023E6F007F062D /* area.plist in Resources */,
				D551C7EA22FD4E900085251D /* WkViewController.xib in Resources */,
				D53DD1A722EAAB8B00CFF8DB /* HomeCollectionViewCell.xib in Resources */,
				D5B6DE7C22FA7A9900BA0201 /* MyTableViewCell.xib in Resources */,
				D5DBCF1322F42FB800C30150 /* OrderViewController.xib in Resources */,
				D5B6DE8022FAA75800BA0201 /* AboutUsViewController.xib in Resources */,
				D551C7DB22FD16FF0085251D /* HistorySearchCell.xib in Resources */,
				D5B6DE8C22FABEE000BA0201 /* SyystemViewController.xib in Resources */,
				D5C7134F22F15F290005F352 /* ProductViewController.xib in Resources */,
				D5C97AE722F9488F00C7ED59 /* RegistViewController.xib in Resources */,
				D59C563A22E93FFB00C8D8BF /* HomeVCViewController.xib in Resources */,
				D551C7C322FD12990085251D /* SearchViewController.xib in Resources */,
				D5B6DE9422FBEC5400BA0201 /* OrderListViewController.xib in Resources */,
				D5B6DE9022FBB05D00BA0201 /* SuggestionViewController.xib in Resources */,
				D5B6DE8822FABAEB00BA0201 /* CollectViewController.xib in Resources */,
			);
			runOnlyForDeploymentPostprocessing = 0;
		};
		D59BA9FB22E592D7007D1434 /* Resources */ = {
			isa = PBXResourcesBuildPhase;
			buildActionMask = 2147483647;
			files = (
			);
			runOnlyForDeploymentPostprocessing = 0;
		};
		D59BAA0622E592D7007D1434 /* Resources */ = {
			isa = PBXResourcesBuildPhase;
			buildActionMask = 2147483647;
			files = (
			);
			runOnlyForDeploymentPostprocessing = 0;
		};
/* End PBXResourcesBuildPhase section */

/* Begin PBXShellScriptBuildPhase section */
		788B7C71CE6D7E8015E2576D /* [CP] Embed Pods Frameworks */ = {
			isa = PBXShellScriptBuildPhase;
			buildActionMask = 2147483647;
			files = (
			);
			inputFileListPaths = (
				"${PODS_ROOT}/Target Support Files/Pods-SwiftAppStore/Pods-SwiftAppStore-frameworks-${CONFIGURATION}-input-files.xcfilelist",
			);
			name = "[CP] Embed Pods Frameworks";
			outputFileListPaths = (
				"${PODS_ROOT}/Target Support Files/Pods-SwiftAppStore/Pods-SwiftAppStore-frameworks-${CONFIGURATION}-output-files.xcfilelist",
			);
			runOnlyForDeploymentPostprocessing = 0;
			shellPath = /bin/sh;
			shellScript = "\"${PODS_ROOT}/Target Support Files/Pods-SwiftAppStore/Pods-SwiftAppStore-frameworks.sh\"\n";
			showEnvVarsInLog = 0;
		};
		ED516640AB5B37C13DC30353 /* [CP] Check Pods Manifest.lock */ = {
			isa = PBXShellScriptBuildPhase;
			buildActionMask = 2147483647;
			files = (
			);
			inputPaths = (
				"${PODS_PODFILE_DIR_PATH}/Podfile.lock",
				"${PODS_ROOT}/Manifest.lock",
			);
			name = "[CP] Check Pods Manifest.lock";
			outputPaths = (
				"$(DERIVED_FILE_DIR)/Pods-SwiftAppStore-checkManifestLockResult.txt",
			);
			runOnlyForDeploymentPostprocessing = 0;
			shellPath = /bin/sh;
			shellScript = "diff \"${PODS_PODFILE_DIR_PATH}/Podfile.lock\" \"${PODS_ROOT}/Manifest.lock\" > /dev/null\nif [ $? != 0 ] ; then\n    # print error to STDERR\n    echo \"error: The sandbox is not in sync with the Podfile.lock. Run 'pod install' or update your CocoaPods installation.\" >&2\n    exit 1\nfi\n# This output is used by Xcode 'outputs' to avoid re-running this script phase.\necho \"SUCCESS\" > \"${SCRIPT_OUTPUT_FILE_0}\"\n";
			showEnvVarsInLog = 0;
		};
/* End PBXShellScriptBuildPhase section */

/* Begin PBXSourcesBuildPhase section */
		D59BA9E522E592D5007D1434 /* Sources */ = {
			isa = PBXSourcesBuildPhase;
			buildActionMask = 2147483647;
			files = (
				D5C7135122F161950005F352 /* ProductDetail.swift in Sources */,
				D5392E8122E85743004AAD9D /* String+ExtenSion.swift in Sources */,
				D5018C3F22F5321100724A0F /* discountModel.swift in Sources */,
				D5C97ADD22F9100800C7ED59 /* CoupousSelectViewController.swift in Sources */,
				D5392E6922E84475004AAD9D /* ErrorModel.swift in Sources */,
				D59C563922E93FFB00C8D8BF /* HomeVCViewController.swift in Sources */,
				D5C7134E22F15F290005F352 /* ProductViewController.swift in Sources */,
				D551C7DD22FD16FF0085251D /* HotSerachCell.m in Sources */,
				D5AD1EA922E59C2C0060256D /* RONetTool.swift in Sources */,
				D53DD1A922EAC98700CFF8DB /* UIImageViewExt.swift in Sources */,
				D5AF8BD522F81208003D021F /* CouponsViewController.swift in Sources */,
				D5DBCF1722F4317600C30150 /* OrderSigleCell.swift in Sources */,
				D57B2A6022E6F8E9001B0EFF /* RONetCenter.swift in Sources */,
				D5392E7D22E85743004AAD9D /* UITextField+Tel.swift in Sources */,
				D5C7134722F0274D0005F352 /* CateSecondLVCell.swift in Sources */,
				D59BA9EF22E592D5007D1434 /* ViewController.swift in Sources */,
				D5B6DE9A22FBF2F600BA0201 /* OrderDetailModel.swift in Sources */,
				D578FFD423023E6F007F062D /* EWAddressViewController.swift in Sources */,
				D551C7D822FD16FF0085251D /* UIViewExt.m in Sources */,
				D57B2A6222E701BC001B0EFF /* HomeModel.swift in Sources */,
				D59BA9ED22E592D5007D1434 /* AppDelegate.swift in Sources */,
				D5C7133022EE8BE20005F352 /* CateViewController.swift in Sources */,
				D57B2A6522E805C9001B0EFF /* Product.swift in Sources */,
				D5392E8322E85743004AAD9D /* UIBarButtonExtension.swift in Sources */,
				D5B6DE9322FBEC5400BA0201 /* OrderListViewController.swift in Sources */,
				D5C97AEB22F94F5000C7ED59 /* AdminTool.swift in Sources */,
				D5392E8222E85743004AAD9D /* NSStringExt.swift in Sources */,
				D5C97AE622F9488F00C7ED59 /* RegistViewController.swift in Sources */,
				D5392E8022E85743004AAD9D /* TableView+ExtenSion.swift in Sources */,
				D5392E8522E85743004AAD9D /* UILable+Extension.swift in Sources */,
				D5DBCF0E22F4284F00C30150 /* HudTool.swift in Sources */,
				D5C7134A22F035DF0005F352 /* CateDetailListModel.swift in Sources */,
				D5C7133D22EE99790005F352 /* CateRightTableCell.swift in Sources */,
				D5F54A8522E9428400A7EB61 /* CarViewController.swift in Sources */,
				D551C7DA22FD16FF0085251D /* DWQTagView.m in Sources */,
				D5392E6F22E8572A004AAD9D /* MCRootViewController.swift in Sources */,
				D5AF8BDC22F81FE2003D021F /* CouponsCell.swift in Sources */,
				D578FFD323023E6F007F062D /* EWAddressPickView.swift in Sources */,
				D5B6DE7722FA6B7F00BA0201 /* CarGood.swift in Sources */,
				D569390A22F7DDD1004227A9 /* MCFileManager.swift in Sources */,
				D5DBCF1B22F431A000C30150 /* orderDiscountCel.swift in Sources */,
				D5B6DE9722FBF00500BA0201 /* OrderListTableViewCell.swift in Sources */,
				D5AF8BD822F816DA003D021F /* Coupous.swift in Sources */,
				D5B6DE8322FAAA4D00BA0201 /* MesssageViewController.swift in Sources */,
				D5392E6E22E8572A004AAD9D /* MCNavegationController.swift in Sources */,
				D5F54A8922E9429300A7EB61 /* MyViewController.swift in Sources */,
				D5392E7022E8572A004AAD9D /* MCTabbarController.swift in Sources */,
				D5C7134222F026230005F352 /* CateSecondLevelViewController.swift in Sources */,
				D5B6DE9C22FBF3CA00BA0201 /* OrderSigle.swift in Sources */,
				D5018C4622F5771700724A0F /* AddressModel.swift in Sources */,
				D5B6DE7F22FAA75800BA0201 /* AboutUsViewController.swift in Sources */,
				D5C7133922EE98560005F352 /* CateLeftTableViewCell.swift in Sources */,
				D5C97AE222F92ED500C7ED59 /* LoginViewController.swift in Sources */,
				D548084622F2DBC500379833 /* PurchaseView.swift in Sources */,
				D5B6DE8722FABAEB00BA0201 /* CollectViewController.swift in Sources */,
				D551C7D922FD16FF0085251D /* DWQSearchBar.m in Sources */,
				D578FFD223023E6F007F062D /* EWAddressPickViewTableViewCell.swift in Sources */,
				D5B6DE8B22FABEE000BA0201 /* SyystemViewController.swift in Sources */,
				D5018C4322F569D100724A0F /* AddressViewController.swift in Sources */,
				D5392E7F22E85743004AAD9D /* UIViewControllerExt.swift in Sources */,
				D551C7E022FD17100085251D /* DWQSearchController.m in Sources */,
				D5B6DE8F22FBB05D00BA0201 /* SuggestionViewController.swift in Sources */,
				D5018C4922F58BC800724A0F /* AddressDetailViewController.swift in Sources */,
				D5C7133322EE91B50005F352 /* CateModel.swift in Sources */,
				D5C7133522EE96ED0005F352 /* CateChildModel.swift in Sources */,
				D551C7C222FD12990085251D /* SearchViewController.m in Sources */,
				D5B6DE7B22FA7A9900BA0201 /* MyTableViewCell.swift in Sources */,
				D5392E7E22E85743004AAD9D /* UIViewLayout.swift in Sources */,
				D551C7E922FD4E900085251D /* WkViewController.swift in Sources */,
				D5DBCF1222F42FB800C30150 /* OrderViewController.swift in Sources */,
				D5392E8422E85743004AAD9D /* MCColorEXT.swift in Sources */,
				D5DBCF1F22F431BC00C30150 /* OrderAdressCell.swift in Sources */,
				D53DD1A622EAAB8B00CFF8DB /* HomeCollectionViewCell.swift in Sources */,
				D551C7DC22FD16FF0085251D /* HistorySearchCell.m in Sources */,
				D578FFD523023E6F007F062D /* EWAddressPresentAnimated.swift in Sources */,
				D578FFD123023E6F007F062D /* EWAddressModel.swift in Sources */,
				D5C97AE922F94DEC00C7ED59 /* User.swift in Sources */,
			);
			runOnlyForDeploymentPostprocessing = 0;
		};
		D59BA9F922E592D7007D1434 /* Sources */ = {
			isa = PBXSourcesBuildPhase;
			buildActionMask = 2147483647;
			files = (
				D59BAA0222E592D7007D1434 /* SwiftAppStoreTests.swift in Sources */,
			);
			runOnlyForDeploymentPostprocessing = 0;
		};
		D59BAA0422E592D7007D1434 /* Sources */ = {
			isa = PBXSourcesBuildPhase;
			buildActionMask = 2147483647;
			files = (
				D59BAA0D22E592D7007D1434 /* SwiftAppStoreUITests.swift in Sources */,
			);
			runOnlyForDeploymentPostprocessing = 0;
		};
/* End PBXSourcesBuildPhase section */

/* Begin PBXTargetDependency section */
		D59BA9FF22E592D7007D1434 /* PBXTargetDependency */ = {
			isa = PBXTargetDependency;
			target = D59BA9E822E592D5007D1434 /* SwiftAppStore */;
			targetProxy = D59BA9FE22E592D7007D1434 /* PBXContainerItemProxy */;
		};
		D59BAA0A22E592D7007D1434 /* PBXTargetDependency */ = {
			isa = PBXTargetDependency;
			target = D59BA9E822E592D5007D1434 /* SwiftAppStore */;
			targetProxy = D59BAA0922E592D7007D1434 /* PBXContainerItemProxy */;
		};
/* End PBXTargetDependency section */

/* Begin PBXVariantGroup section */
		D59BA9F522E592D7007D1434 /* LaunchScreen.storyboard */ = {
			isa = PBXVariantGroup;
			children = (
				D59BA9F622E592D7007D1434 /* Base */,
			);
			name = LaunchScreen.storyboard;
			sourceTree = "<group>";
		};
/* End PBXVariantGroup section */

/* Begin XCBuildConfiguration section */
		D59BAA0F22E592D7007D1434 /* Debug */ = {
			isa = XCBuildConfiguration;
			buildSettings = {
				ALWAYS_SEARCH_USER_PATHS = NO;
				CLANG_ANALYZER_NONNULL = YES;
				CLANG_ANALYZER_NUMBER_OBJECT_CONVERSION = YES_AGGRESSIVE;
				CLANG_CXX_LANGUAGE_STANDARD = "gnu++14";
				CLANG_CXX_LIBRARY = "libc++";
				CLANG_ENABLE_MODULES = YES;
				CLANG_ENABLE_OBJC_ARC = YES;
				CLANG_ENABLE_OBJC_WEAK = YES;
				CLANG_WARN_BLOCK_CAPTURE_AUTORELEASING = YES;
				CLANG_WARN_BOOL_CONVERSION = YES;
				CLANG_WARN_COMMA = YES;
				CLANG_WARN_CONSTANT_CONVERSION = YES;
				CLANG_WARN_DEPRECATED_OBJC_IMPLEMENTATIONS = YES;
				CLANG_WARN_DIRECT_OBJC_ISA_USAGE = YES_ERROR;
				CLANG_WARN_DOCUMENTATION_COMMENTS = YES;
				CLANG_WARN_EMPTY_BODY = YES;
				CLANG_WARN_ENUM_CONVERSION = YES;
				CLANG_WARN_INFINITE_RECURSION = YES;
				CLANG_WARN_INT_CONVERSION = YES;
				CLANG_WARN_NON_LITERAL_NULL_CONVERSION = YES;
				CLANG_WARN_OBJC_IMPLICIT_RETAIN_SELF = YES;
				CLANG_WARN_OBJC_LITERAL_CONVERSION = YES;
				CLANG_WARN_OBJC_ROOT_CLASS = YES_ERROR;
				CLANG_WARN_RANGE_LOOP_ANALYSIS = YES;
				CLANG_WARN_STRICT_PROTOTYPES = YES;
				CLANG_WARN_SUSPICIOUS_MOVE = YES;
				CLANG_WARN_UNGUARDED_AVAILABILITY = YES_AGGRESSIVE;
				CLANG_WARN_UNREACHABLE_CODE = YES;
				CLANG_WARN__DUPLICATE_METHOD_MATCH = YES;
				CODE_SIGN_IDENTITY = "iPhone Developer";
				COPY_PHASE_STRIP = NO;
				DEBUG_INFORMATION_FORMAT = dwarf;
				ENABLE_STRICT_OBJC_MSGSEND = YES;
				ENABLE_TESTABILITY = YES;
				GCC_C_LANGUAGE_STANDARD = gnu11;
				GCC_DYNAMIC_NO_PIC = NO;
				GCC_NO_COMMON_BLOCKS = YES;
				GCC_OPTIMIZATION_LEVEL = 0;
				GCC_PREPROCESSOR_DEFINITIONS = (
					"DEBUG=1",
					"$(inherited)",
				);
				GCC_WARN_64_TO_32_BIT_CONVERSION = YES;
				GCC_WARN_ABOUT_RETURN_TYPE = YES_ERROR;
				GCC_WARN_UNDECLARED_SELECTOR = YES;
				GCC_WARN_UNINITIALIZED_AUTOS = YES_AGGRESSIVE;
				GCC_WARN_UNUSED_FUNCTION = YES;
				GCC_WARN_UNUSED_VARIABLE = YES;
				IPHONEOS_DEPLOYMENT_TARGET = 12.1;
				MTL_ENABLE_DEBUG_INFO = INCLUDE_SOURCE;
				MTL_FAST_MATH = YES;
				ONLY_ACTIVE_ARCH = YES;
				SDKROOT = iphoneos;
				SWIFT_ACTIVE_COMPILATION_CONDITIONS = DEBUG;
				SWIFT_OPTIMIZATION_LEVEL = "-Onone";
			};
			name = Debug;
		};
		D59BAA1022E592D7007D1434 /* Release */ = {
			isa = XCBuildConfiguration;
			buildSettings = {
				ALWAYS_SEARCH_USER_PATHS = NO;
				CLANG_ANALYZER_NONNULL = YES;
				CLANG_ANALYZER_NUMBER_OBJECT_CONVERSION = YES_AGGRESSIVE;
				CLANG_CXX_LANGUAGE_STANDARD = "gnu++14";
				CLANG_CXX_LIBRARY = "libc++";
				CLANG_ENABLE_MODULES = YES;
				CLANG_ENABLE_OBJC_ARC = YES;
				CLANG_ENABLE_OBJC_WEAK = YES;
				CLANG_WARN_BLOCK_CAPTURE_AUTORELEASING = YES;
				CLANG_WARN_BOOL_CONVERSION = YES;
				CLANG_WARN_COMMA = YES;
				CLANG_WARN_CONSTANT_CONVERSION = YES;
				CLANG_WARN_DEPRECATED_OBJC_IMPLEMENTATIONS = YES;
				CLANG_WARN_DIRECT_OBJC_ISA_USAGE = YES_ERROR;
				CLANG_WARN_DOCUMENTATION_COMMENTS = YES;
				CLANG_WARN_EMPTY_BODY = YES;
				CLANG_WARN_ENUM_CONVERSION = YES;
				CLANG_WARN_INFINITE_RECURSION = YES;
				CLANG_WARN_INT_CONVERSION = YES;
				CLANG_WARN_NON_LITERAL_NULL_CONVERSION = YES;
				CLANG_WARN_OBJC_IMPLICIT_RETAIN_SELF = YES;
				CLANG_WARN_OBJC_LITERAL_CONVERSION = YES;
				CLANG_WARN_OBJC_ROOT_CLASS = YES_ERROR;
				CLANG_WARN_RANGE_LOOP_ANALYSIS = YES;
				CLANG_WARN_STRICT_PROTOTYPES = YES;
				CLANG_WARN_SUSPICIOUS_MOVE = YES;
				CLANG_WARN_UNGUARDED_AVAILABILITY = YES_AGGRESSIVE;
				CLANG_WARN_UNREACHABLE_CODE = YES;
				CLANG_WARN__DUPLICATE_METHOD_MATCH = YES;
				CODE_SIGN_IDENTITY = "iPhone Developer";
				COPY_PHASE_STRIP = NO;
				DEBUG_INFORMATION_FORMAT = "dwarf-with-dsym";
				ENABLE_NS_ASSERTIONS = NO;
				ENABLE_STRICT_OBJC_MSGSEND = YES;
				GCC_C_LANGUAGE_STANDARD = gnu11;
				GCC_NO_COMMON_BLOCKS = YES;
				GCC_WARN_64_TO_32_BIT_CONVERSION = YES;
				GCC_WARN_ABOUT_RETURN_TYPE = YES_ERROR;
				GCC_WARN_UNDECLARED_SELECTOR = YES;
				GCC_WARN_UNINITIALIZED_AUTOS = YES_AGGRESSIVE;
				GCC_WARN_UNUSED_FUNCTION = YES;
				GCC_WARN_UNUSED_VARIABLE = YES;
				IPHONEOS_DEPLOYMENT_TARGET = 12.1;
				MTL_ENABLE_DEBUG_INFO = NO;
				MTL_FAST_MATH = YES;
				SDKROOT = iphoneos;
				SWIFT_COMPILATION_MODE = wholemodule;
				SWIFT_OPTIMIZATION_LEVEL = "-O";
				VALIDATE_PRODUCT = YES;
			};
			name = Release;
		};
		D59BAA1222E592D7007D1434 /* Debug */ = {
			isa = XCBuildConfiguration;
			baseConfigurationReference = 8AC0DDAE9AA2BD6E217508FB /* Pods-SwiftAppStore.debug.xcconfig */;
			buildSettings = {
				ASSETCATALOG_COMPILER_APPICON_NAME = AppIcon;
				ASSETCATALOG_COMPILER_LAUNCHIMAGE_NAME = LaunchImage;
				CLANG_ENABLE_MODULES = YES;
				CODE_SIGN_STYLE = Automatic;
				DEFINES_MODULE = YES;
				DEVELOPMENT_TEAM = L53V5JPD38;
				INFOPLIST_FILE = SwiftAppStore/Info.plist;
				IPHONEOS_DEPLOYMENT_TARGET = 10.0;
				LD_RUNPATH_SEARCH_PATHS = (
					"$(inherited)",
					"@executable_path/Frameworks",
				);
				PRODUCT_BUNDLE_IDENTIFIER = mbt.d.SwiftAppStore;
				PRODUCT_NAME = "$(TARGET_NAME)";
				SWIFT_OBJC_BRIDGING_HEADER = "SwiftAppStore/Workspace/Search/SwiftAppStore-Bridging-Header.h";
				SWIFT_OPTIMIZATION_LEVEL = "-Onone";
				SWIFT_VERSION = 4.2;
				TARGETED_DEVICE_FAMILY = 1;
			};
			name = Debug;
		};
		D59BAA1322E592D7007D1434 /* Release */ = {
			isa = XCBuildConfiguration;
			baseConfigurationReference = EA416B67450A15199006D0E8 /* Pods-SwiftAppStore.release.xcconfig */;
			buildSettings = {
				ASSETCATALOG_COMPILER_APPICON_NAME = AppIcon;
				ASSETCATALOG_COMPILER_LAUNCHIMAGE_NAME = LaunchImage;
				CLANG_ENABLE_MODULES = YES;
				CODE_SIGN_STYLE = Automatic;
				DEFINES_MODULE = YES;
				DEVELOPMENT_TEAM = L53V5JPD38;
				INFOPLIST_FILE = SwiftAppStore/Info.plist;
				IPHONEOS_DEPLOYMENT_TARGET = 10.0;
				LD_RUNPATH_SEARCH_PATHS = (
					"$(inherited)",
					"@executable_path/Frameworks",
				);
				PRODUCT_BUNDLE_IDENTIFIER = mbt.d.SwiftAppStore;
				PRODUCT_NAME = "$(TARGET_NAME)";
				SWIFT_OBJC_BRIDGING_HEADER = "SwiftAppStore/Workspace/Search/SwiftAppStore-Bridging-Header.h";
				SWIFT_VERSION = 4.2;
				TARGETED_DEVICE_FAMILY = 1;
			};
			name = Release;
		};
		D59BAA1522E592D7007D1434 /* Debug */ = {
			isa = XCBuildConfiguration;
			buildSettings = {
				ALWAYS_EMBED_SWIFT_STANDARD_LIBRARIES = YES;
				BUNDLE_LOADER = "$(TEST_HOST)";
				CODE_SIGN_STYLE = Automatic;
				INFOPLIST_FILE = SwiftAppStoreTests/Info.plist;
				LD_RUNPATH_SEARCH_PATHS = (
					"$(inherited)",
					"@executable_path/Frameworks",
					"@loader_path/Frameworks",
				);
				PRODUCT_BUNDLE_IDENTIFIER = d.SwiftAppStoreTests;
				PRODUCT_NAME = "$(TARGET_NAME)";
				SWIFT_VERSION = 4.2;
				TARGETED_DEVICE_FAMILY = "1,2";
				TEST_HOST = "$(BUILT_PRODUCTS_DIR)/SwiftAppStore.app/SwiftAppStore";
			};
			name = Debug;
		};
		D59BAA1622E592D7007D1434 /* Release */ = {
			isa = XCBuildConfiguration;
			buildSettings = {
				ALWAYS_EMBED_SWIFT_STANDARD_LIBRARIES = YES;
				BUNDLE_LOADER = "$(TEST_HOST)";
				CODE_SIGN_STYLE = Automatic;
				INFOPLIST_FILE = SwiftAppStoreTests/Info.plist;
				LD_RUNPATH_SEARCH_PATHS = (
					"$(inherited)",
					"@executable_path/Frameworks",
					"@loader_path/Frameworks",
				);
				PRODUCT_BUNDLE_IDENTIFIER = d.SwiftAppStoreTests;
				PRODUCT_NAME = "$(TARGET_NAME)";
				SWIFT_VERSION = 4.2;
				TARGETED_DEVICE_FAMILY = "1,2";
				TEST_HOST = "$(BUILT_PRODUCTS_DIR)/SwiftAppStore.app/SwiftAppStore";
			};
			name = Release;
		};
		D59BAA1822E592D7007D1434 /* Debug */ = {
			isa = XCBuildConfiguration;
			buildSettings = {
				ALWAYS_EMBED_SWIFT_STANDARD_LIBRARIES = YES;
				CODE_SIGN_STYLE = Automatic;
				INFOPLIST_FILE = SwiftAppStoreUITests/Info.plist;
				LD_RUNPATH_SEARCH_PATHS = (
					"$(inherited)",
					"@executable_path/Frameworks",
					"@loader_path/Frameworks",
				);
				PRODUCT_BUNDLE_IDENTIFIER = d.SwiftAppStoreUITests;
				PRODUCT_NAME = "$(TARGET_NAME)";
				SWIFT_VERSION = 4.2;
				TARGETED_DEVICE_FAMILY = "1,2";
				TEST_TARGET_NAME = SwiftAppStore;
			};
			name = Debug;
		};
		D59BAA1922E592D7007D1434 /* Release */ = {
			isa = XCBuildConfiguration;
			buildSettings = {
				ALWAYS_EMBED_SWIFT_STANDARD_LIBRARIES = YES;
				CODE_SIGN_STYLE = Automatic;
				INFOPLIST_FILE = SwiftAppStoreUITests/Info.plist;
				LD_RUNPATH_SEARCH_PATHS = (
					"$(inherited)",
					"@executable_path/Frameworks",
					"@loader_path/Frameworks",
				);
				PRODUCT_BUNDLE_IDENTIFIER = d.SwiftAppStoreUITests;
				PRODUCT_NAME = "$(TARGET_NAME)";
				SWIFT_VERSION = 4.2;
				TARGETED_DEVICE_FAMILY = "1,2";
				TEST_TARGET_NAME = SwiftAppStore;
			};
			name = Release;
		};
/* End XCBuildConfiguration section */

/* Begin XCConfigurationList section */
		D59BA9E422E592D5007D1434 /* Build configuration list for PBXProject "SwiftAppStore" */ = {
			isa = XCConfigurationList;
			buildConfigurations = (
				D59BAA0F22E592D7007D1434 /* Debug */,
				D59BAA1022E592D7007D1434 /* Release */,
			);
			defaultConfigurationIsVisible = 0;
			defaultConfigurationName = Release;
		};
		D59BAA1122E592D7007D1434 /* Build configuration list for PBXNativeTarget "SwiftAppStore" */ = {
			isa = XCConfigurationList;
			buildConfigurations = (
				D59BAA1222E592D7007D1434 /* Debug */,
				D59BAA1322E592D7007D1434 /* Release */,
			);
			defaultConfigurationIsVisible = 0;
			defaultConfigurationName = Release;
		};
		D59BAA1422E592D7007D1434 /* Build configuration list for PBXNativeTarget "SwiftAppStoreTests" */ = {
			isa = XCConfigurationList;
			buildConfigurations = (
				D59BAA1522E592D7007D1434 /* Debug */,
				D59BAA1622E592D7007D1434 /* Release */,
			);
			defaultConfigurationIsVisible = 0;
			defaultConfigurationName = Release;
		};
		D59BAA1722E592D7007D1434 /* Build configuration list for PBXNativeTarget "SwiftAppStoreUITests" */ = {
			isa = XCConfigurationList;
			buildConfigurations = (
				D59BAA1822E592D7007D1434 /* Debug */,
				D59BAA1922E592D7007D1434 /* Release */,
			);
			defaultConfigurationIsVisible = 0;
			defaultConfigurationName = Release;
		};
/* End XCConfigurationList section */
	};
	rootObject = D59BA9E122E592D5007D1434 /* Project object */;
}
